// !$*UTF8*$!
{
	archiveVersion = 1;
	classes = {
	};
	objectVersion = 46;
	objects = {

/* Begin PBXBuildFile section */
		276694BE1F22048500E70D15 /* MVAGameCenterHelper.swift in Sources */ = {isa = PBXBuildFile; fileRef = 276694BD1F22048500E70D15 /* MVAGameCenterHelper.swift */; };
		2F08C0EB20947A23006878D9 /* MVAStopperNode.swift in Sources */ = {isa = PBXBuildFile; fileRef = 2F08C0EA20947A23006878D9 /* MVAStopperNode.swift */; };
		2F08C0EC20947A23006878D9 /* MVAStopperNode.swift in Sources */ = {isa = PBXBuildFile; fileRef = 2F08C0EA20947A23006878D9 /* MVAStopperNode.swift */; };
		2F08C0ED20947A8C006878D9 /* MVAStopperNode.swift in Sources */ = {isa = PBXBuildFile; fileRef = 2F08C0EA20947A23006878D9 /* MVAStopperNode.swift */; };
		2F0F88971FE5737D00E187A2 /* ChangeCarViewController.swift in Sources */ = {isa = PBXBuildFile; fileRef = 2F0F88961FE5737D00E187A2 /* ChangeCarViewController.swift */; };
		2F1F28921F4954B800AE7FA0 /* Assets.xcassets in Resources */ = {isa = PBXBuildFile; fileRef = 2F861B4B1F1BAE7C00162EDA /* Assets.xcassets */; };
		2F1F28A01F49578E00AE7FA0 /* Futura.ttc in Resources */ = {isa = PBXBuildFile; fileRef = 2FAFA6781F35A48E006645CB /* Futura.ttc */; };
		2F1F28A11F49578F00AE7FA0 /* Futura.ttc in Resources */ = {isa = PBXBuildFile; fileRef = 2FAFA6781F35A48E006645CB /* Futura.ttc */; };
		2F1F28A31F4957A800AE7FA0 /* GameSceneWatch.swift in Sources */ = {isa = PBXBuildFile; fileRef = 2F1F28A21F4957A800AE7FA0 /* GameSceneWatch.swift */; };
		2F1F28A41F4957D400AE7FA0 /* Assets.xcassets in Resources */ = {isa = PBXBuildFile; fileRef = 2F861B4B1F1BAE7C00162EDA /* Assets.xcassets */; };
		2F23E1151D6EF21D00119E4F /* AppDelegate.swift in Sources */ = {isa = PBXBuildFile; fileRef = 2F23E1141D6EF21D00119E4F /* AppDelegate.swift */; };
		2F23E1171D6EF21D00119E4F /* GameViewController.swift in Sources */ = {isa = PBXBuildFile; fileRef = 2F23E1161D6EF21D00119E4F /* GameViewController.swift */; };
		2F23E11A1D6EF21D00119E4F /* Main.storyboard in Resources */ = {isa = PBXBuildFile; fileRef = 2F23E1181D6EF21D00119E4F /* Main.storyboard */; };
		2F23E11D1D6EF21D00119E4F /* LaunchScreen.storyboard in Resources */ = {isa = PBXBuildFile; fileRef = 2F23E11B1D6EF21D00119E4F /* LaunchScreen.storyboard */; };
		2F23E14D1D6EF21D00119E4F /* AppDelegate.swift in Sources */ = {isa = PBXBuildFile; fileRef = 2F23E14C1D6EF21D00119E4F /* AppDelegate.swift */; };
		2F23E14F1D6EF21D00119E4F /* GameViewControllerMAC.swift in Sources */ = {isa = PBXBuildFile; fileRef = 2F23E14E1D6EF21D00119E4F /* GameViewControllerMAC.swift */; };
		2F23E1521D6EF21D00119E4F /* Main.storyboard in Resources */ = {isa = PBXBuildFile; fileRef = 2F23E1501D6EF21D00119E4F /* Main.storyboard */; };
		2F23E15B1D6EF21D00119E4F /* GameScene.swift in Sources */ = {isa = PBXBuildFile; fileRef = 2F23E10B1D6EF21D00119E4F /* GameScene.swift */; };
		2F23E15E1D6EF21D00119E4F /* GameScene.swift in Sources */ = {isa = PBXBuildFile; fileRef = 2F23E10B1D6EF21D00119E4F /* GameScene.swift */; };
		2F26548D1F41A6FA00A7D2CF /* MVAWaitView.swift in Sources */ = {isa = PBXBuildFile; fileRef = 2F26548C1F41A6FA00A7D2CF /* MVAWaitView.swift */; };
		2F31BA2E1F499E5200CF4C13 /* MVARemoverNode.swift in Sources */ = {isa = PBXBuildFile; fileRef = 2F9808DF1F45DFC200412075 /* MVARemoverNode.swift */; };
		2F31BA2F1F499E5E00CF4C13 /* MVAUtils.swift in Sources */ = {isa = PBXBuildFile; fileRef = 2FAE02101F054B84004D4EFE /* MVAUtils.swift */; };
		2F31BA311F49C0E000CF4C13 /* MVACar.swift in Sources */ = {isa = PBXBuildFile; fileRef = 2FAE020A1F054B84004D4EFE /* MVACar.swift */; };
		2F31BA321F49C0E000CF4C13 /* MVACarBot.swift in Sources */ = {isa = PBXBuildFile; fileRef = 2F9808E41F46EB5E00412075 /* MVACarBot.swift */; };
		2F31BA331F49C0E000CF4C13 /* MVACarPlayer.swift in Sources */ = {isa = PBXBuildFile; fileRef = 2F9808E81F46EB6A00412075 /* MVACarPlayer.swift */; };
		2F31BA341F49C12100CF4C13 /* MVARoadNode.swift in Sources */ = {isa = PBXBuildFile; fileRef = 2FAE020F1F054B84004D4EFE /* MVARoadNode.swift */; };
		2F31BA351F49C13400CF4C13 /* MVAConstants_Memory.swift in Sources */ = {isa = PBXBuildFile; fileRef = 2FAE020C1F054B84004D4EFE /* MVAConstants_Memory.swift */; };
		2F31BA361F49C63400CF4C13 /* MVAWaitView.swift in Sources */ = {isa = PBXBuildFile; fileRef = 2F26548C1F41A6FA00A7D2CF /* MVAWaitView.swift */; };
		2F31BA381F49C7C500CF4C13 /* MVAAds.swift in Sources */ = {isa = PBXBuildFile; fileRef = 2F3EAE401F3B1DED001A1A6E /* MVAAds.swift */; };
		2F31BA411F49CD1900CF4C13 /* MVAAlert.swift in Sources */ = {isa = PBXBuildFile; fileRef = 2F31BA401F49CD1900CF4C13 /* MVAAlert.swift */; };
		2F31BA431F49CD1900CF4C13 /* MVAAlert.swift in Sources */ = {isa = PBXBuildFile; fileRef = 2F31BA401F49CD1900CF4C13 /* MVAAlert.swift */; };
		2F31BA441F49CEB400CF4C13 /* MVAGameCenterHelper.swift in Sources */ = {isa = PBXBuildFile; fileRef = 276694BD1F22048500E70D15 /* MVAGameCenterHelper.swift */; };
		2F3EAE411F3B1DED001A1A6E /* MVAAds.swift in Sources */ = {isa = PBXBuildFile; fileRef = 2F3EAE401F3B1DED001A1A6E /* MVAAds.swift */; };
		2F4ECAA92085D248001FB747 /* StoreKit.framework in Frameworks */ = {isa = PBXBuildFile; fileRef = 2F4ECAA82085D248001FB747 /* StoreKit.framework */; };
		2F4ECAAB2085D253001FB747 /* GameKit.framework in Frameworks */ = {isa = PBXBuildFile; fileRef = 2F4ECAAA2085D253001FB747 /* GameKit.framework */; };
		2F4ECAB02085D29F001FB747 /* RobotKit.framework in Frameworks */ = {isa = PBXBuildFile; fileRef = 2F4ECAAD2085D29C001FB747 /* RobotKit.framework */; };
		2F5584FF1F480C42006D229F /* Grand_Tourer_horn.wav in Resources */ = {isa = PBXBuildFile; fileRef = 2F5584FE1F480C42006D229F /* Grand_Tourer_horn.wav */; };
		2F5585011F480C42006D229F /* Grand_Tourer_horn.wav in Resources */ = {isa = PBXBuildFile; fileRef = 2F5584FE1F480C42006D229F /* Grand_Tourer_horn.wav */; };
		2F5585031F48105D006D229F /* pcs_beep.wav in Resources */ = {isa = PBXBuildFile; fileRef = 2F5585021F48105D006D229F /* pcs_beep.wav */; };
		2F5585051F48105D006D229F /* pcs_beep.wav in Resources */ = {isa = PBXBuildFile; fileRef = 2F5585021F48105D006D229F /* pcs_beep.wav */; };
		2F5B1DEF1EFFD863006AEA30 /* GameScene_Gameplay.swift in Sources */ = {isa = PBXBuildFile; fileRef = 2F5B1DEE1EFFD863006AEA30 /* GameScene_Gameplay.swift */; };
		2F65AA2B1EF3D48600150F32 /* GameScene.sks in Resources */ = {isa = PBXBuildFile; fileRef = 2F65AA2A1EF3D48600150F32 /* GameScene.sks */; };
		2F65AA2E1EF3D49000150F32 /* GameScene.sks in Resources */ = {isa = PBXBuildFile; fileRef = 2F65AA2A1EF3D48600150F32 /* GameScene.sks */; };
		2F7119661F2873F000FE58A8 /* MVATutorialNode.swift in Sources */ = {isa = PBXBuildFile; fileRef = 2F7119651F2873F000FE58A8 /* MVATutorialNode.swift */; };
		2F7119681F2873F000FE58A8 /* MVATutorialNode.swift in Sources */ = {isa = PBXBuildFile; fileRef = 2F7119651F2873F000FE58A8 /* MVATutorialNode.swift */; };
		2F71196C1F28809800FE58A8 /* MVAStore.swift in Sources */ = {isa = PBXBuildFile; fileRef = 2F71196B1F28809800FE58A8 /* MVAStore.swift */; };
		2F71196E1F28809800FE58A8 /* MVAStore.swift in Sources */ = {isa = PBXBuildFile; fileRef = 2F71196B1F28809800FE58A8 /* MVAStore.swift */; };
		2F7119701F28D34900FE58A8 /* MVAGameOverNode.swift in Sources */ = {isa = PBXBuildFile; fileRef = 2F71196F1F28D34900FE58A8 /* MVAGameOverNode.swift */; };
		2F7119721F28D34900FE58A8 /* MVAGameOverNode.swift in Sources */ = {isa = PBXBuildFile; fileRef = 2F71196F1F28D34900FE58A8 /* MVAGameOverNode.swift */; };
		2F861B411F1BAB5F00162EDA /* MVAParticle.sks in Resources */ = {isa = PBXBuildFile; fileRef = 2F861B401F1BAB5F00162EDA /* MVAParticle.sks */; };
		2F861B441F1BAB5F00162EDA /* MVAParticle.sks in Resources */ = {isa = PBXBuildFile; fileRef = 2F861B401F1BAB5F00162EDA /* MVAParticle.sks */; };
		2F861B501F1BAE7C00162EDA /* Assets.xcassets in Resources */ = {isa = PBXBuildFile; fileRef = 2F861B4B1F1BAE7C00162EDA /* Assets.xcassets */; };
		2F861B531F1BAE7C00162EDA /* Assets.xcassets in Resources */ = {isa = PBXBuildFile; fileRef = 2F861B4B1F1BAE7C00162EDA /* Assets.xcassets */; };
		2F861B5A1F1CAD7F00162EDA /* MVASound.swift in Sources */ = {isa = PBXBuildFile; fileRef = 2F861B591F1CAD7F00162EDA /* MVASound.swift */; };
		2F861B5D1F1CAD7F00162EDA /* MVASound.swift in Sources */ = {isa = PBXBuildFile; fileRef = 2F861B591F1CAD7F00162EDA /* MVASound.swift */; };
		2F861B641F1CB93000162EDA /* crash.caf in Resources */ = {isa = PBXBuildFile; fileRef = 2F861B631F1CB93000162EDA /* crash.caf */; };
		2F861B671F1CB93000162EDA /* crash.caf in Resources */ = {isa = PBXBuildFile; fileRef = 2F861B631F1CB93000162EDA /* crash.caf */; };
		2F861B691F1CC22B00162EDA /* GameScene_Volume.swift in Sources */ = {isa = PBXBuildFile; fileRef = 2F861B681F1CC22B00162EDA /* GameScene_Volume.swift */; };
		2F861B6C1F1CC22B00162EDA /* GameScene_Volume.swift in Sources */ = {isa = PBXBuildFile; fileRef = 2F861B681F1CC22B00162EDA /* GameScene_Volume.swift */; };
		2F861B731F1CC50300162EDA /* SUV_ignition_02.wav in Resources */ = {isa = PBXBuildFile; fileRef = 2F861B721F1CC50300162EDA /* SUV_ignition_02.wav */; };
		2F861B761F1CC50300162EDA /* SUV_ignition_02.wav in Resources */ = {isa = PBXBuildFile; fileRef = 2F861B721F1CC50300162EDA /* SUV_ignition_02.wav */; };
		2F861B7D1F1CC79300162EDA /* Grand_Tourer_signal_lights_loop.wav in Resources */ = {isa = PBXBuildFile; fileRef = 2F861B7C1F1CC79300162EDA /* Grand_Tourer_signal_lights_loop.wav */; };
		2F861B801F1CC79300162EDA /* Grand_Tourer_signal_lights_loop.wav in Resources */ = {isa = PBXBuildFile; fileRef = 2F861B7C1F1CC79300162EDA /* Grand_Tourer_signal_lights_loop.wav */; };
		2F861B8C1F1CD22600162EDA /* SUV_steady_low_rpm.wav in Resources */ = {isa = PBXBuildFile; fileRef = 2F861B8B1F1CD22600162EDA /* SUV_steady_low_rpm.wav */; };
		2F861B8F1F1CD22600162EDA /* SUV_steady_low_rpm.wav in Resources */ = {isa = PBXBuildFile; fileRef = 2F861B8B1F1CD22600162EDA /* SUV_steady_low_rpm.wav */; };
		2F861B971F1CD6F900162EDA /* GameScene_Start.swift in Sources */ = {isa = PBXBuildFile; fileRef = 2F861B961F1CD6F900162EDA /* GameScene_Start.swift */; };
		2F861B991F1CD6F900162EDA /* GameScene_Start.swift in Sources */ = {isa = PBXBuildFile; fileRef = 2F861B961F1CD6F900162EDA /* GameScene_Start.swift */; };
		2F9808DE1F45DE4D00412075 /* GameScene_Touch.swift in Sources */ = {isa = PBXBuildFile; fileRef = 2F9808DD1F45DE4D00412075 /* GameScene_Touch.swift */; };
		2F9808E01F45DFC200412075 /* MVARemoverNode.swift in Sources */ = {isa = PBXBuildFile; fileRef = 2F9808DF1F45DFC200412075 /* MVARemoverNode.swift */; };
		2F9808E21F45E00300412075 /* MVARemoverNode.swift in Sources */ = {isa = PBXBuildFile; fileRef = 2F9808DF1F45DFC200412075 /* MVARemoverNode.swift */; };
		2F9808E51F46EB5E00412075 /* MVACarBot.swift in Sources */ = {isa = PBXBuildFile; fileRef = 2F9808E41F46EB5E00412075 /* MVACarBot.swift */; };
		2F9808E71F46EB5E00412075 /* MVACarBot.swift in Sources */ = {isa = PBXBuildFile; fileRef = 2F9808E41F46EB5E00412075 /* MVACarBot.swift */; };
		2F9808E91F46EB6A00412075 /* MVACarPlayer.swift in Sources */ = {isa = PBXBuildFile; fileRef = 2F9808E81F46EB6A00412075 /* MVACarPlayer.swift */; };
		2F9808EB1F46EB6A00412075 /* MVACarPlayer.swift in Sources */ = {isa = PBXBuildFile; fileRef = 2F9808E81F46EB6A00412075 /* MVACarPlayer.swift */; };
		2F9E41A41F03B389004FB9F5 /* GameScene_HUD.swift in Sources */ = {isa = PBXBuildFile; fileRef = 2F9E41A31F03B389004FB9F5 /* GameScene_HUD.swift */; };
		2F9E41A71F03B389004FB9F5 /* GameScene_HUD.swift in Sources */ = {isa = PBXBuildFile; fileRef = 2F9E41A31F03B389004FB9F5 /* GameScene_HUD.swift */; };
		2FA27A491FDC05EA00DA5819 /* MVAPopup.swift in Sources */ = {isa = PBXBuildFile; fileRef = 2FA27A481FDC05EA00DA5819 /* MVAPopup.swift */; };
		2FA27A4B1FDC05EA00DA5819 /* MVAPopup.swift in Sources */ = {isa = PBXBuildFile; fileRef = 2FA27A481FDC05EA00DA5819 /* MVAPopup.swift */; };
		2FAE02121F054B84004D4EFE /* MVACar.swift in Sources */ = {isa = PBXBuildFile; fileRef = 2FAE020A1F054B84004D4EFE /* MVACar.swift */; };
		2FAE02151F054B84004D4EFE /* MVACar.swift in Sources */ = {isa = PBXBuildFile; fileRef = 2FAE020A1F054B84004D4EFE /* MVACar.swift */; };
		2FAE02161F054B84004D4EFE /* MVASpawnerNode.swift in Sources */ = {isa = PBXBuildFile; fileRef = 2FAE020B1F054B84004D4EFE /* MVASpawnerNode.swift */; };
		2FAE02191F054B84004D4EFE /* MVASpawnerNode.swift in Sources */ = {isa = PBXBuildFile; fileRef = 2FAE020B1F054B84004D4EFE /* MVASpawnerNode.swift */; };
		2FAE021A1F054B84004D4EFE /* MVAConstants_Memory.swift in Sources */ = {isa = PBXBuildFile; fileRef = 2FAE020C1F054B84004D4EFE /* MVAConstants_Memory.swift */; };
		2FAE021D1F054B84004D4EFE /* MVAConstants_Memory.swift in Sources */ = {isa = PBXBuildFile; fileRef = 2FAE020C1F054B84004D4EFE /* MVAConstants_Memory.swift */; };
		2FAE021E1F054B84004D4EFE /* MVALevel.swift in Sources */ = {isa = PBXBuildFile; fileRef = 2FAE020D1F054B84004D4EFE /* MVALevel.swift */; };
		2FAE02211F054B84004D4EFE /* MVALevel.swift in Sources */ = {isa = PBXBuildFile; fileRef = 2FAE020D1F054B84004D4EFE /* MVALevel.swift */; };
		2FAE02221F054B84004D4EFE /* MVAMarvinAI.swift in Sources */ = {isa = PBXBuildFile; fileRef = 2FAE020E1F054B84004D4EFE /* MVAMarvinAI.swift */; };
		2FAE02251F054B84004D4EFE /* MVAMarvinAI.swift in Sources */ = {isa = PBXBuildFile; fileRef = 2FAE020E1F054B84004D4EFE /* MVAMarvinAI.swift */; };
		2FAE02261F054B84004D4EFE /* MVARoadNode.swift in Sources */ = {isa = PBXBuildFile; fileRef = 2FAE020F1F054B84004D4EFE /* MVARoadNode.swift */; };
		2FAE02291F054B84004D4EFE /* MVARoadNode.swift in Sources */ = {isa = PBXBuildFile; fileRef = 2FAE020F1F054B84004D4EFE /* MVARoadNode.swift */; };
		2FAE022A1F054B84004D4EFE /* MVAUtils.swift in Sources */ = {isa = PBXBuildFile; fileRef = 2FAE02101F054B84004D4EFE /* MVAUtils.swift */; };
		2FAE022D1F054B84004D4EFE /* MVAUtils.swift in Sources */ = {isa = PBXBuildFile; fileRef = 2FAE02101F054B84004D4EFE /* MVAUtils.swift */; };
		2FAE022E1F054B84004D4EFE /* MVAWorldConverter.swift in Sources */ = {isa = PBXBuildFile; fileRef = 2FAE02111F054B84004D4EFE /* MVAWorldConverter.swift */; };
		2FAE02311F054B84004D4EFE /* MVAWorldConverter.swift in Sources */ = {isa = PBXBuildFile; fileRef = 2FAE02111F054B84004D4EFE /* MVAWorldConverter.swift */; };
		2FAFA6651F34AACC006645CB /* GameScene_Gameplay.swift in Sources */ = {isa = PBXBuildFile; fileRef = 2F5B1DEE1EFFD863006AEA30 /* GameScene_Gameplay.swift */; };
		2FAFA6721F34B113006645CB /* GameKit.framework in Frameworks */ = {isa = PBXBuildFile; fileRef = 2FAFA6711F34B113006645CB /* GameKit.framework */; };
		2FAFA6751F34C804006645CB /* GameSceneWatch.sks in Resources */ = {isa = PBXBuildFile; fileRef = 2FAFA6741F34C804006645CB /* GameSceneWatch.sks */; };
		2FAFA6771F35A2AA006645CB /* StartController.swift in Sources */ = {isa = PBXBuildFile; fileRef = 2FAFA6761F35A2AA006645CB /* StartController.swift */; };
		2FAFA6791F35A48E006645CB /* Futura.ttc in Resources */ = {isa = PBXBuildFile; fileRef = 2FAFA6781F35A48E006645CB /* Futura.ttc */; };
		2FAFA67B1F35A48E006645CB /* Futura.ttc in Resources */ = {isa = PBXBuildFile; fileRef = 2FAFA6781F35A48E006645CB /* Futura.ttc */; };
		2FB034021F3D7C81009B6A9A /* AdSupport.framework in Frameworks */ = {isa = PBXBuildFile; fileRef = 2FB034011F3D7C81009B6A9A /* AdSupport.framework */; };
		2FB034041F3D7C87009B6A9A /* AVFoundation.framework in Frameworks */ = {isa = PBXBuildFile; fileRef = 2FB034031F3D7C87009B6A9A /* AVFoundation.framework */; };
		2FB19E391F17A65800506061 /* GameScene_Keyboard.swift in Sources */ = {isa = PBXBuildFile; fileRef = 2FB19E381F17A65700506061 /* GameScene_Keyboard.swift */; };
		2FCA6DD31F556964008BC3B9 /* GameKit.framework in Frameworks */ = {isa = PBXBuildFile; fileRef = 2FCA6DD21F556964008BC3B9 /* GameKit.framework */; };
		2FCA6DD51F556965008BC3B9 /* StoreKit.framework in Frameworks */ = {isa = PBXBuildFile; fileRef = 2FCA6DD41F556965008BC3B9 /* StoreKit.framework */; };
		2FD6CDB11F34702200FD9B96 /* Interface.storyboard in Resources */ = {isa = PBXBuildFile; fileRef = 2FD6CDAF1F34702200FD9B96 /* Interface.storyboard */; };
		2FD6CDBA1F34702200FD9B96 /* AWatch Extension.appex in Embed App Extensions */ = {isa = PBXBuildFile; fileRef = 2FD6CDB91F34702200FD9B96 /* AWatch Extension.appex */; settings = {ATTRIBUTES = (RemoveHeadersOnCopy, ); }; };
		2FD6CDBF1F34702200FD9B96 /* GameController.swift in Sources */ = {isa = PBXBuildFile; fileRef = 2FD6CDBE1F34702200FD9B96 /* GameController.swift */; };
		2FD6CDC51F34702300FD9B96 /* ExtensionDelegate.swift in Sources */ = {isa = PBXBuildFile; fileRef = 2FD6CDC41F34702300FD9B96 /* ExtensionDelegate.swift */; };
		2FDB9A6C1F8929D7007F8EB2 /* MVAWindow.swift in Sources */ = {isa = PBXBuildFile; fileRef = 2FDB9A6B1F8929D7007F8EB2 /* MVAWindow.swift */; };
		2FDFBD201F39881E00E1E6A4 /* GoogleService-Info.plist in Resources */ = {isa = PBXBuildFile; fileRef = 2FDFBD1F1F39881E00E1E6A4 /* GoogleService-Info.plist */; };
		2FDFBD221F39881E00E1E6A4 /* GoogleService-Info.plist in Resources */ = {isa = PBXBuildFile; fileRef = 2FDFBD1F1F39881E00E1E6A4 /* GoogleService-Info.plist */; };
		2FDFBD231F39881E00E1E6A4 /* GoogleService-Info.plist in Resources */ = {isa = PBXBuildFile; fileRef = 2FDFBD1F1F39881E00E1E6A4 /* GoogleService-Info.plist */; };
		2FDFBD241F39881E00E1E6A4 /* GoogleService-Info.plist in Resources */ = {isa = PBXBuildFile; fileRef = 2FDFBD1F1F39881E00E1E6A4 /* GoogleService-Info.plist */; };
		2FFE47961FE6608800DDFA3E /* ChangeCarViewControllerMAC.swift in Sources */ = {isa = PBXBuildFile; fileRef = 2FFE47951FE6608800DDFA3E /* ChangeCarViewControllerMAC.swift */; };
		2FFE47981FE6949000DDFA3E /* GameViewTouchbar.swift in Sources */ = {isa = PBXBuildFile; fileRef = 2FFE47971FE6949000DDFA3E /* GameViewTouchbar.swift */; };
		63DA5D6425DDBBBEFAE4B0B7 /* Pods_unPredictable___iOS.framework in Frameworks */ = {isa = PBXBuildFile; fileRef = 78A63FAECBBDB3B0C1E6D392 /* Pods_unPredictable___iOS.framework */; };
		F0C30295261B54CFF7C23FBF /* Pods_unPredictable___macOS.framework in Frameworks */ = {isa = PBXBuildFile; fileRef = A30199FE15D6B6D58FBD59EC /* Pods_unPredictable___macOS.framework */; };
/* End PBXBuildFile section */

/* Begin PBXContainerItemProxy section */
		2FD6CDBB1F34702200FD9B96 /* PBXContainerItemProxy */ = {
			isa = PBXContainerItemProxy;
			containerPortal = 2F23E1041D6EF21D00119E4F /* Project object */;
			proxyType = 1;
			remoteGlobalIDString = 2FD6CDB81F34702200FD9B96;
			remoteInfo = "AWatch Extension";
		};
/* End PBXContainerItemProxy section */

/* Begin PBXCopyFilesBuildPhase section */
		2F23E16C1D6EF21D00119E4F /* Embed Watch Content */ = {
			isa = PBXCopyFilesBuildPhase;
			buildActionMask = 2147483647;
			dstPath = "$(CONTENTS_FOLDER_PATH)/Watch";
			dstSubfolderSpec = 16;
			files = (
			);
			name = "Embed Watch Content";
			runOnlyForDeploymentPostprocessing = 0;
		};
		2FD6CDCF1F34702300FD9B96 /* Embed App Extensions */ = {
			isa = PBXCopyFilesBuildPhase;
			buildActionMask = 2147483647;
			dstPath = "";
			dstSubfolderSpec = 13;
			files = (
				2FD6CDBA1F34702200FD9B96 /* AWatch Extension.appex in Embed App Extensions */,
			);
			name = "Embed App Extensions";
			runOnlyForDeploymentPostprocessing = 0;
		};
/* End PBXCopyFilesBuildPhase section */

/* Begin PBXFileReference section */
		1AA69DA30541300C653A89B9 /* Pods-unPredictable - iOS.release.xcconfig */ = {isa = PBXFileReference; includeInIndex = 1; lastKnownFileType = text.xcconfig; name = "Pods-unPredictable - iOS.release.xcconfig"; path = "Pods/Target Support Files/Pods-unPredictable - iOS/Pods-unPredictable - iOS.release.xcconfig"; sourceTree = "<group>"; };
		276694BD1F22048500E70D15 /* MVAGameCenterHelper.swift */ = {isa = PBXFileReference; lastKnownFileType = sourcecode.swift; path = MVAGameCenterHelper.swift; sourceTree = "<group>"; };
		2F08C0EA20947A23006878D9 /* MVAStopperNode.swift */ = {isa = PBXFileReference; lastKnownFileType = sourcecode.swift; path = MVAStopperNode.swift; sourceTree = "<group>"; };
		2F0F88961FE5737D00E187A2 /* ChangeCarViewController.swift */ = {isa = PBXFileReference; lastKnownFileType = sourcecode.swift; path = ChangeCarViewController.swift; sourceTree = "<group>"; };
		2F1F28A21F4957A800AE7FA0 /* GameSceneWatch.swift */ = {isa = PBXFileReference; fileEncoding = 4; lastKnownFileType = sourcecode.swift; path = GameSceneWatch.swift; sourceTree = "<group>"; };
		2F23E10B1D6EF21D00119E4F /* GameScene.swift */ = {isa = PBXFileReference; lastKnownFileType = sourcecode.swift; path = GameScene.swift; sourceTree = "<group>"; };
		2F23E1111D6EF21D00119E4F /* unPredictable.app */ = {isa = PBXFileReference; explicitFileType = wrapper.application; includeInIndex = 0; path = unPredictable.app; sourceTree = BUILT_PRODUCTS_DIR; };
		2F23E1141D6EF21D00119E4F /* AppDelegate.swift */ = {isa = PBXFileReference; lastKnownFileType = sourcecode.swift; path = AppDelegate.swift; sourceTree = "<group>"; };
		2F23E1161D6EF21D00119E4F /* GameViewController.swift */ = {isa = PBXFileReference; lastKnownFileType = sourcecode.swift; path = GameViewController.swift; sourceTree = "<group>"; };
		2F23E1191D6EF21D00119E4F /* Base */ = {isa = PBXFileReference; lastKnownFileType = file.storyboard; name = Base; path = Base.lproj/Main.storyboard; sourceTree = "<group>"; };
		2F23E11C1D6EF21D00119E4F /* Base */ = {isa = PBXFileReference; lastKnownFileType = file.storyboard; name = Base; path = Base.lproj/LaunchScreen.storyboard; sourceTree = "<group>"; };
		2F23E11E1D6EF21D00119E4F /* Info.plist */ = {isa = PBXFileReference; lastKnownFileType = text.plist.xml; path = Info.plist; sourceTree = "<group>"; };
		2F23E14A1D6EF21D00119E4F /* unPredictable.app */ = {isa = PBXFileReference; explicitFileType = wrapper.application; includeInIndex = 0; path = unPredictable.app; sourceTree = BUILT_PRODUCTS_DIR; };
		2F23E14C1D6EF21D00119E4F /* AppDelegate.swift */ = {isa = PBXFileReference; lastKnownFileType = sourcecode.swift; path = AppDelegate.swift; sourceTree = "<group>"; };
		2F23E14E1D6EF21D00119E4F /* GameViewControllerMAC.swift */ = {isa = PBXFileReference; lastKnownFileType = sourcecode.swift; path = GameViewControllerMAC.swift; sourceTree = "<group>"; };
		2F23E1511D6EF21D00119E4F /* Base */ = {isa = PBXFileReference; lastKnownFileType = file.storyboard; name = Base; path = Base.lproj/Main.storyboard; sourceTree = "<group>"; };
		2F23E1531D6EF21D00119E4F /* Info.plist */ = {isa = PBXFileReference; lastKnownFileType = text.plist.xml; path = Info.plist; sourceTree = "<group>"; };
		2F26548C1F41A6FA00A7D2CF /* MVAWaitView.swift */ = {isa = PBXFileReference; fileEncoding = 4; lastKnownFileType = sourcecode.swift; path = MVAWaitView.swift; sourceTree = "<group>"; };
		2F31BA401F49CD1900CF4C13 /* MVAAlert.swift */ = {isa = PBXFileReference; fileEncoding = 4; lastKnownFileType = sourcecode.swift; path = MVAAlert.swift; sourceTree = "<group>"; };
		2F3EAE401F3B1DED001A1A6E /* MVAAds.swift */ = {isa = PBXFileReference; fileEncoding = 4; lastKnownFileType = sourcecode.swift; path = MVAAds.swift; sourceTree = "<group>"; };
		2F4ECAA82085D248001FB747 /* StoreKit.framework */ = {isa = PBXFileReference; lastKnownFileType = wrapper.framework; name = StoreKit.framework; path = Platforms/iPhoneOS.platform/Developer/SDKs/iPhoneOS11.3.sdk/System/Library/Frameworks/StoreKit.framework; sourceTree = DEVELOPER_DIR; };
		2F4ECAAA2085D253001FB747 /* GameKit.framework */ = {isa = PBXFileReference; lastKnownFileType = wrapper.framework; name = GameKit.framework; path = Platforms/iPhoneOS.platform/Developer/SDKs/iPhoneOS11.3.sdk/System/Library/Frameworks/GameKit.framework; sourceTree = DEVELOPER_DIR; };
		2F4ECAAD2085D29C001FB747 /* RobotKit.framework */ = {isa = PBXFileReference; lastKnownFileType = wrapper.framework; path = RobotKit.framework; sourceTree = "<group>"; };
		2F4ECAB22085D3C2001FB747 /* unPredictable - iOS-Bridging-Header.h */ = {isa = PBXFileReference; lastKnownFileType = sourcecode.c.h; path = "unPredictable - iOS-Bridging-Header.h"; sourceTree = "<group>"; };
		2F5584FE1F480C42006D229F /* Grand_Tourer_horn.wav */ = {isa = PBXFileReference; lastKnownFileType = audio.wav; path = Grand_Tourer_horn.wav; sourceTree = "<group>"; };
		2F5585021F48105D006D229F /* pcs_beep.wav */ = {isa = PBXFileReference; lastKnownFileType = audio.wav; path = pcs_beep.wav; sourceTree = "<group>"; };
		2F5B1DEE1EFFD863006AEA30 /* GameScene_Gameplay.swift */ = {isa = PBXFileReference; fileEncoding = 4; lastKnownFileType = sourcecode.swift; path = GameScene_Gameplay.swift; sourceTree = "<group>"; };
		2F65AA2A1EF3D48600150F32 /* GameScene.sks */ = {isa = PBXFileReference; lastKnownFileType = file.sks; path = GameScene.sks; sourceTree = "<group>"; };
		2F7119651F2873F000FE58A8 /* MVATutorialNode.swift */ = {isa = PBXFileReference; fileEncoding = 4; lastKnownFileType = sourcecode.swift; path = MVATutorialNode.swift; sourceTree = "<group>"; };
		2F71196B1F28809800FE58A8 /* MVAStore.swift */ = {isa = PBXFileReference; fileEncoding = 4; lastKnownFileType = sourcecode.swift; path = MVAStore.swift; sourceTree = "<group>"; };
		2F71196F1F28D34900FE58A8 /* MVAGameOverNode.swift */ = {isa = PBXFileReference; fileEncoding = 4; lastKnownFileType = sourcecode.swift; path = MVAGameOverNode.swift; sourceTree = "<group>"; };
		2F7B222E1F56AC2D00E9D88B /* unPredictable.entitlements */ = {isa = PBXFileReference; lastKnownFileType = text.plist.entitlements; path = unPredictable.entitlements; sourceTree = "<group>"; };
		2F861B401F1BAB5F00162EDA /* MVAParticle.sks */ = {isa = PBXFileReference; lastKnownFileType = file.sks; path = MVAParticle.sks; sourceTree = "<group>"; };
		2F861B4B1F1BAE7C00162EDA /* Assets.xcassets */ = {isa = PBXFileReference; lastKnownFileType = folder.assetcatalog; path = Assets.xcassets; sourceTree = "<group>"; };
		2F861B591F1CAD7F00162EDA /* MVASound.swift */ = {isa = PBXFileReference; fileEncoding = 4; lastKnownFileType = sourcecode.swift; path = MVASound.swift; sourceTree = "<group>"; };
		2F861B631F1CB93000162EDA /* crash.caf */ = {isa = PBXFileReference; lastKnownFileType = file; path = crash.caf; sourceTree = "<group>"; };
		2F861B681F1CC22B00162EDA /* GameScene_Volume.swift */ = {isa = PBXFileReference; fileEncoding = 4; lastKnownFileType = sourcecode.swift; path = GameScene_Volume.swift; sourceTree = "<group>"; };
		2F861B721F1CC50300162EDA /* SUV_ignition_02.wav */ = {isa = PBXFileReference; lastKnownFileType = audio.wav; path = SUV_ignition_02.wav; sourceTree = "<group>"; };
		2F861B7C1F1CC79300162EDA /* Grand_Tourer_signal_lights_loop.wav */ = {isa = PBXFileReference; lastKnownFileType = audio.wav; path = Grand_Tourer_signal_lights_loop.wav; sourceTree = "<group>"; };
		2F861B8B1F1CD22600162EDA /* SUV_steady_low_rpm.wav */ = {isa = PBXFileReference; lastKnownFileType = audio.wav; path = SUV_steady_low_rpm.wav; sourceTree = "<group>"; };
		2F861B961F1CD6F900162EDA /* GameScene_Start.swift */ = {isa = PBXFileReference; fileEncoding = 4; lastKnownFileType = sourcecode.swift; path = GameScene_Start.swift; sourceTree = "<group>"; };
		2F9808DD1F45DE4D00412075 /* GameScene_Touch.swift */ = {isa = PBXFileReference; fileEncoding = 4; lastKnownFileType = sourcecode.swift; path = GameScene_Touch.swift; sourceTree = "<group>"; };
		2F9808DF1F45DFC200412075 /* MVARemoverNode.swift */ = {isa = PBXFileReference; fileEncoding = 4; lastKnownFileType = sourcecode.swift; path = MVARemoverNode.swift; sourceTree = "<group>"; };
		2F9808E41F46EB5E00412075 /* MVACarBot.swift */ = {isa = PBXFileReference; fileEncoding = 4; lastKnownFileType = sourcecode.swift; path = MVACarBot.swift; sourceTree = "<group>"; };
		2F9808E81F46EB6A00412075 /* MVACarPlayer.swift */ = {isa = PBXFileReference; fileEncoding = 4; lastKnownFileType = sourcecode.swift; path = MVACarPlayer.swift; sourceTree = "<group>"; };
		2F9E41A31F03B389004FB9F5 /* GameScene_HUD.swift */ = {isa = PBXFileReference; fileEncoding = 4; lastKnownFileType = sourcecode.swift; path = GameScene_HUD.swift; sourceTree = "<group>"; };
		2FA27A481FDC05EA00DA5819 /* MVAPopup.swift */ = {isa = PBXFileReference; lastKnownFileType = sourcecode.swift; path = MVAPopup.swift; sourceTree = "<group>"; };
		2FAE020A1F054B84004D4EFE /* MVACar.swift */ = {isa = PBXFileReference; fileEncoding = 4; lastKnownFileType = sourcecode.swift; path = MVACar.swift; sourceTree = "<group>"; };
		2FAE020B1F054B84004D4EFE /* MVASpawnerNode.swift */ = {isa = PBXFileReference; fileEncoding = 4; lastKnownFileType = sourcecode.swift; path = MVASpawnerNode.swift; sourceTree = "<group>"; };
		2FAE020C1F054B84004D4EFE /* MVAConstants_Memory.swift */ = {isa = PBXFileReference; fileEncoding = 4; lastKnownFileType = sourcecode.swift; path = MVAConstants_Memory.swift; sourceTree = "<group>"; };
		2FAE020D1F054B84004D4EFE /* MVALevel.swift */ = {isa = PBXFileReference; fileEncoding = 4; lastKnownFileType = sourcecode.swift; path = MVALevel.swift; sourceTree = "<group>"; };
		2FAE020E1F054B84004D4EFE /* MVAMarvinAI.swift */ = {isa = PBXFileReference; fileEncoding = 4; lastKnownFileType = sourcecode.swift; path = MVAMarvinAI.swift; sourceTree = "<group>"; };
		2FAE020F1F054B84004D4EFE /* MVARoadNode.swift */ = {isa = PBXFileReference; fileEncoding = 4; lastKnownFileType = sourcecode.swift; path = MVARoadNode.swift; sourceTree = "<group>"; };
		2FAE02101F054B84004D4EFE /* MVAUtils.swift */ = {isa = PBXFileReference; fileEncoding = 4; lastKnownFileType = sourcecode.swift; path = MVAUtils.swift; sourceTree = "<group>"; };
		2FAE02111F054B84004D4EFE /* MVAWorldConverter.swift */ = {isa = PBXFileReference; fileEncoding = 4; lastKnownFileType = sourcecode.swift; path = MVAWorldConverter.swift; sourceTree = "<group>"; };
		2FAFA6711F34B113006645CB /* GameKit.framework */ = {isa = PBXFileReference; lastKnownFileType = wrapper.framework; name = GameKit.framework; path = Platforms/WatchOS.platform/Developer/SDKs/WatchOS3.2.sdk/System/Library/Frameworks/GameKit.framework; sourceTree = DEVELOPER_DIR; };
		2FAFA6741F34C804006645CB /* GameSceneWatch.sks */ = {isa = PBXFileReference; lastKnownFileType = file.sks; path = GameSceneWatch.sks; sourceTree = "<group>"; };
		2FAFA6761F35A2AA006645CB /* StartController.swift */ = {isa = PBXFileReference; fileEncoding = 4; lastKnownFileType = sourcecode.swift; path = StartController.swift; sourceTree = "<group>"; };
		2FAFA6781F35A48E006645CB /* Futura.ttc */ = {isa = PBXFileReference; lastKnownFileType = file; path = Futura.ttc; sourceTree = "<group>"; };
		2FB034011F3D7C81009B6A9A /* AdSupport.framework */ = {isa = PBXFileReference; lastKnownFileType = wrapper.framework; name = AdSupport.framework; path = Platforms/iPhoneOS.platform/Developer/SDKs/iPhoneOS10.3.sdk/System/Library/Frameworks/AdSupport.framework; sourceTree = DEVELOPER_DIR; };
		2FB034031F3D7C87009B6A9A /* AVFoundation.framework */ = {isa = PBXFileReference; lastKnownFileType = wrapper.framework; name = AVFoundation.framework; path = Platforms/iPhoneOS.platform/Developer/SDKs/iPhoneOS10.3.sdk/System/Library/Frameworks/AVFoundation.framework; sourceTree = DEVELOPER_DIR; };
		2FB19E381F17A65700506061 /* GameScene_Keyboard.swift */ = {isa = PBXFileReference; fileEncoding = 4; lastKnownFileType = sourcecode.swift; path = GameScene_Keyboard.swift; sourceTree = "<group>"; };
		2FCA6DD21F556964008BC3B9 /* GameKit.framework */ = {isa = PBXFileReference; lastKnownFileType = wrapper.framework; name = GameKit.framework; path = System/Library/Frameworks/GameKit.framework; sourceTree = SDKROOT; };
		2FCA6DD41F556965008BC3B9 /* StoreKit.framework */ = {isa = PBXFileReference; lastKnownFileType = wrapper.framework; name = StoreKit.framework; path = System/Library/Frameworks/StoreKit.framework; sourceTree = SDKROOT; };
		2FD6CDAD1F34702200FD9B96 /* AWatch.app */ = {isa = PBXFileReference; explicitFileType = wrapper.application; includeInIndex = 0; path = AWatch.app; sourceTree = BUILT_PRODUCTS_DIR; };
		2FD6CDB01F34702200FD9B96 /* Base */ = {isa = PBXFileReference; lastKnownFileType = file.storyboard; name = Base; path = Base.lproj/Interface.storyboard; sourceTree = "<group>"; };
		2FD6CDB41F34702200FD9B96 /* Info.plist */ = {isa = PBXFileReference; lastKnownFileType = text.plist.xml; path = Info.plist; sourceTree = "<group>"; };
		2FD6CDB91F34702200FD9B96 /* AWatch Extension.appex */ = {isa = PBXFileReference; explicitFileType = "wrapper.app-extension"; includeInIndex = 0; path = "AWatch Extension.appex"; sourceTree = BUILT_PRODUCTS_DIR; };
		2FD6CDBE1F34702200FD9B96 /* GameController.swift */ = {isa = PBXFileReference; lastKnownFileType = sourcecode.swift; path = GameController.swift; sourceTree = "<group>"; };
		2FD6CDC41F34702300FD9B96 /* ExtensionDelegate.swift */ = {isa = PBXFileReference; lastKnownFileType = sourcecode.swift; path = ExtensionDelegate.swift; sourceTree = "<group>"; };
		2FD6CDC81F34702300FD9B96 /* Info.plist */ = {isa = PBXFileReference; lastKnownFileType = text.plist.xml; path = Info.plist; sourceTree = "<group>"; };
		2FD6CDD71F34704C00FD9B96 /* AWatch Extension.entitlements */ = {isa = PBXFileReference; lastKnownFileType = text.plist.entitlements; path = "AWatch Extension.entitlements"; sourceTree = "<group>"; };
		2FDB9A6B1F8929D7007F8EB2 /* MVAWindow.swift */ = {isa = PBXFileReference; lastKnownFileType = sourcecode.swift; path = MVAWindow.swift; sourceTree = "<group>"; };
		2FDFBD1F1F39881E00E1E6A4 /* GoogleService-Info.plist */ = {isa = PBXFileReference; fileEncoding = 4; lastKnownFileType = text.plist.xml; path = "GoogleService-Info.plist"; sourceTree = "<group>"; };
		2FFE47951FE6608800DDFA3E /* ChangeCarViewControllerMAC.swift */ = {isa = PBXFileReference; lastKnownFileType = sourcecode.swift; path = ChangeCarViewControllerMAC.swift; sourceTree = "<group>"; };
		2FFE47971FE6949000DDFA3E /* GameViewTouchbar.swift */ = {isa = PBXFileReference; lastKnownFileType = sourcecode.swift; path = GameViewTouchbar.swift; sourceTree = "<group>"; };
		44169A500DA5A8F4747F34C9 /* Pods-unPredictable - macOS.release.xcconfig */ = {isa = PBXFileReference; includeInIndex = 1; lastKnownFileType = text.xcconfig; name = "Pods-unPredictable - macOS.release.xcconfig"; path = "Pods/Target Support Files/Pods-unPredictable - macOS/Pods-unPredictable - macOS.release.xcconfig"; sourceTree = "<group>"; };
		75F0516B98A4A9EB8F255028 /* Pods-unPredictable - iOS.debug.xcconfig */ = {isa = PBXFileReference; includeInIndex = 1; lastKnownFileType = text.xcconfig; name = "Pods-unPredictable - iOS.debug.xcconfig"; path = "Pods/Target Support Files/Pods-unPredictable - iOS/Pods-unPredictable - iOS.debug.xcconfig"; sourceTree = "<group>"; };
		78A63FAECBBDB3B0C1E6D392 /* Pods_unPredictable___iOS.framework */ = {isa = PBXFileReference; explicitFileType = wrapper.framework; includeInIndex = 0; path = "Pods_unPredictable___iOS.framework"; sourceTree = BUILT_PRODUCTS_DIR; };
		A30199FE15D6B6D58FBD59EC /* Pods_unPredictable___macOS.framework */ = {isa = PBXFileReference; explicitFileType = wrapper.framework; includeInIndex = 0; path = "Pods_unPredictable___macOS.framework"; sourceTree = BUILT_PRODUCTS_DIR; };
		CC34D7C25A2D0741A49C014A /* Pods-unPredictable - macOS.debug.xcconfig */ = {isa = PBXFileReference; includeInIndex = 1; lastKnownFileType = text.xcconfig; name = "Pods-unPredictable - macOS.debug.xcconfig"; path = "Pods/Target Support Files/Pods-unPredictable - macOS/Pods-unPredictable - macOS.debug.xcconfig"; sourceTree = "<group>"; };
/* End PBXFileReference section */

/* Begin PBXFrameworksBuildPhase section */
		2F23E10E1D6EF21D00119E4F /* Frameworks */ = {
			isa = PBXFrameworksBuildPhase;
			buildActionMask = 2147483647;
			files = (
				2FB034041F3D7C87009B6A9A /* AVFoundation.framework in Frameworks */,
				2FB034021F3D7C81009B6A9A /* AdSupport.framework in Frameworks */,
				2F4ECAB02085D29F001FB747 /* RobotKit.framework in Frameworks */,
				63DA5D6425DDBBBEFAE4B0B7 /* Pods_unPredictable___iOS.framework in Frameworks */,
				2F4ECAA92085D248001FB747 /* StoreKit.framework in Frameworks */,
				2F4ECAAB2085D253001FB747 /* GameKit.framework in Frameworks */,
			);
			runOnlyForDeploymentPostprocessing = 0;
		};
		2F23E1471D6EF21D00119E4F /* Frameworks */ = {
			isa = PBXFrameworksBuildPhase;
			buildActionMask = 2147483647;
			files = (
				2FCA6DD31F556964008BC3B9 /* GameKit.framework in Frameworks */,
				2FCA6DD51F556965008BC3B9 /* StoreKit.framework in Frameworks */,
				F0C30295261B54CFF7C23FBF /* Pods_unPredictable___macOS.framework in Frameworks */,
			);
			runOnlyForDeploymentPostprocessing = 0;
		};
		2FD6CDB61F34702200FD9B96 /* Frameworks */ = {
			isa = PBXFrameworksBuildPhase;
			buildActionMask = 2147483647;
			files = (
				2FAFA6721F34B113006645CB /* GameKit.framework in Frameworks */,
			);
			runOnlyForDeploymentPostprocessing = 0;
		};
		562FD7249817EA966D07D671 /* Frameworks */ = {
			isa = PBXFrameworksBuildPhase;
			buildActionMask = 2147483647;
			files = (
			);
			runOnlyForDeploymentPostprocessing = 0;
		};
/* End PBXFrameworksBuildPhase section */

/* Begin PBXGroup section */
		276694BA1F21FF4200E70D15 /* Frameworks */ = {
			isa = PBXGroup;
			children = (
				2F4ECAAD2085D29C001FB747 /* RobotKit.framework */,
				2F4ECAAA2085D253001FB747 /* GameKit.framework */,
				2F4ECAA82085D248001FB747 /* StoreKit.framework */,
				2FCA6DD41F556965008BC3B9 /* StoreKit.framework */,
				2FCA6DD21F556964008BC3B9 /* GameKit.framework */,
				2FB034031F3D7C87009B6A9A /* AVFoundation.framework */,
				2FB034011F3D7C81009B6A9A /* AdSupport.framework */,
				2FAFA6711F34B113006645CB /* GameKit.framework */,
				A30199FE15D6B6D58FBD59EC /* Pods_unPredictable___macOS.framework */,
				78A63FAECBBDB3B0C1E6D392 /* Pods_unPredictable___iOS.framework */,
			);
			name = Frameworks;
			sourceTree = "<group>";
		};
		2F23E1031D6EF21D00119E4F = {
			isa = PBXGroup;
			children = (
				2F7B222E1F56AC2D00E9D88B /* unPredictable.entitlements */,
				2F23E1081D6EF21D00119E4F /* Shared */,
				2F23E1131D6EF21D00119E4F /* iOS */,
				2F23E14B1D6EF21D00119E4F /* macOS */,
				2FD6CDAE1F34702200FD9B96 /* AWatch */,
				2FD6CDBD1F34702200FD9B96 /* AWatch Extension */,
				2F23E1121D6EF21D00119E4F /* Products */,
				276694BA1F21FF4200E70D15 /* Frameworks */,
				D6705493572D404729883125 /* Pods */,
			);
			sourceTree = "<group>";
		};
		2F23E1081D6EF21D00119E4F /* Shared */ = {
			isa = PBXGroup;
			children = (
				2F71196B1F28809800FE58A8 /* MVAStore.swift */,
				2F3EAE401F3B1DED001A1A6E /* MVAAds.swift */,
				276694BD1F22048500E70D15 /* MVAGameCenterHelper.swift */,
				2F861B591F1CAD7F00162EDA /* MVASound.swift */,
				2F31BA401F49CD1900CF4C13 /* MVAAlert.swift */,
				2FAE02091F054B84004D4EFE /* MarvinAI */,
				2FA27A481FDC05EA00DA5819 /* MVAPopup.swift */,
				2F861B961F1CD6F900162EDA /* GameScene_Start.swift */,
				2F23E10B1D6EF21D00119E4F /* GameScene.swift */,
				2F9E41A31F03B389004FB9F5 /* GameScene_HUD.swift */,
				2F861B681F1CC22B00162EDA /* GameScene_Volume.swift */,
				2F5B1DEE1EFFD863006AEA30 /* GameScene_Gameplay.swift */,
				2F9808DB1F45DC5100412075 /* Nodes */,
				2F9808DC1F45DCAB00412075 /* Resources */,
				2F861B4B1F1BAE7C00162EDA /* Assets.xcassets */,
			);
			path = Shared;
			sourceTree = "<group>";
		};
		2F23E1121D6EF21D00119E4F /* Products */ = {
			isa = PBXGroup;
			children = (
				2F23E1111D6EF21D00119E4F /* unPredictable.app */,
				2F23E14A1D6EF21D00119E4F /* unPredictable.app */,
				2FD6CDAD1F34702200FD9B96 /* AWatch.app */,
				2FD6CDB91F34702200FD9B96 /* AWatch Extension.appex */,
			);
			name = Products;
			sourceTree = "<group>";
		};
		2F23E1131D6EF21D00119E4F /* iOS */ = {
			isa = PBXGroup;
			children = (
				2F23E1141D6EF21D00119E4F /* AppDelegate.swift */,
				2F23E1161D6EF21D00119E4F /* GameViewController.swift */,
				2F9808DD1F45DE4D00412075 /* GameScene_Touch.swift */,
				2F0F88961FE5737D00E187A2 /* ChangeCarViewController.swift */,
				2F23E1181D6EF21D00119E4F /* Main.storyboard */,
				2F23E11B1D6EF21D00119E4F /* LaunchScreen.storyboard */,
				2F23E11E1D6EF21D00119E4F /* Info.plist */,
				2FDFBD1F1F39881E00E1E6A4 /* GoogleService-Info.plist */,
				2F4ECAB22085D3C2001FB747 /* unPredictable - iOS-Bridging-Header.h */,
			);
			path = iOS;
			sourceTree = "<group>";
		};
		2F23E14B1D6EF21D00119E4F /* macOS */ = {
			isa = PBXGroup;
			children = (
				2F23E14C1D6EF21D00119E4F /* AppDelegate.swift */,
				2FDB9A6B1F8929D7007F8EB2 /* MVAWindow.swift */,
				2FB19E381F17A65700506061 /* GameScene_Keyboard.swift */,
				2F23E14E1D6EF21D00119E4F /* GameViewControllerMAC.swift */,
				2FFE47951FE6608800DDFA3E /* ChangeCarViewControllerMAC.swift */,
				2F23E1501D6EF21D00119E4F /* Main.storyboard */,
				2FFE47971FE6949000DDFA3E /* GameViewTouchbar.swift */,
				2F23E1531D6EF21D00119E4F /* Info.plist */,
			);
			path = macOS;
			sourceTree = "<group>";
		};
		2F861B951F1CD49F00162EDA /* Sounds */ = {
			isa = PBXGroup;
			children = (
				2F5585021F48105D006D229F /* pcs_beep.wav */,
				2F5584FE1F480C42006D229F /* Grand_Tourer_horn.wav */,
				2F861B721F1CC50300162EDA /* SUV_ignition_02.wav */,
				2F861B7C1F1CC79300162EDA /* Grand_Tourer_signal_lights_loop.wav */,
				2F861B8B1F1CD22600162EDA /* SUV_steady_low_rpm.wav */,
				2F861B631F1CB93000162EDA /* crash.caf */,
			);
			path = Sounds;
			sourceTree = "<group>";
		};
		2F9808DB1F45DC5100412075 /* Nodes */ = {
			isa = PBXGroup;
			children = (
				2FAE020F1F054B84004D4EFE /* MVARoadNode.swift */,
				2FAE020B1F054B84004D4EFE /* MVASpawnerNode.swift */,
				2F08C0EA20947A23006878D9 /* MVAStopperNode.swift */,
				2F9808DF1F45DFC200412075 /* MVARemoverNode.swift */,
				2F71196F1F28D34900FE58A8 /* MVAGameOverNode.swift */,
				2F26548C1F41A6FA00A7D2CF /* MVAWaitView.swift */,
				2F7119651F2873F000FE58A8 /* MVATutorialNode.swift */,
			);
			path = Nodes;
			sourceTree = "<group>";
		};
		2F9808DC1F45DCAB00412075 /* Resources */ = {
			isa = PBXGroup;
			children = (
				2F861B951F1CD49F00162EDA /* Sounds */,
				2FAFA6781F35A48E006645CB /* Futura.ttc */,
				2F65AA2A1EF3D48600150F32 /* GameScene.sks */,
				2F861B401F1BAB5F00162EDA /* MVAParticle.sks */,
			);
			path = Resources;
			sourceTree = "<group>";
		};
		2FAE02091F054B84004D4EFE /* MarvinAI */ = {
			isa = PBXGroup;
			children = (
				2FAE020E1F054B84004D4EFE /* MVAMarvinAI.swift */,
				2FAE020D1F054B84004D4EFE /* MVALevel.swift */,
				2FAE020A1F054B84004D4EFE /* MVACar.swift */,
				2F9808E41F46EB5E00412075 /* MVACarBot.swift */,
				2F9808E81F46EB6A00412075 /* MVACarPlayer.swift */,
				2FAE02101F054B84004D4EFE /* MVAUtils.swift */,
				2FAE02111F054B84004D4EFE /* MVAWorldConverter.swift */,
				2FAE020C1F054B84004D4EFE /* MVAConstants_Memory.swift */,
			);
			path = MarvinAI;
			sourceTree = "<group>";
		};
		2FD6CDAE1F34702200FD9B96 /* AWatch */ = {
			isa = PBXGroup;
			children = (
				2FD6CDAF1F34702200FD9B96 /* Interface.storyboard */,
				2FD6CDB41F34702200FD9B96 /* Info.plist */,
			);
			path = AWatch;
			sourceTree = "<group>";
		};
		2FD6CDBD1F34702200FD9B96 /* AWatch Extension */ = {
			isa = PBXGroup;
			children = (
				2FD6CDD71F34704C00FD9B96 /* AWatch Extension.entitlements */,
				2FAFA6761F35A2AA006645CB /* StartController.swift */,
				2FD6CDBE1F34702200FD9B96 /* GameController.swift */,
				2F1F28A21F4957A800AE7FA0 /* GameSceneWatch.swift */,
				2FAFA6741F34C804006645CB /* GameSceneWatch.sks */,
				2FD6CDC41F34702300FD9B96 /* ExtensionDelegate.swift */,
				2FD6CDC81F34702300FD9B96 /* Info.plist */,
			);
			path = "AWatch Extension";
			sourceTree = "<group>";
		};
		D6705493572D404729883125 /* Pods */ = {
			isa = PBXGroup;
			children = (
				75F0516B98A4A9EB8F255028 /* Pods-unPredictable - iOS.debug.xcconfig */,
				1AA69DA30541300C653A89B9 /* Pods-unPredictable - iOS.release.xcconfig */,
				CC34D7C25A2D0741A49C014A /* Pods-unPredictable - macOS.debug.xcconfig */,
				44169A500DA5A8F4747F34C9 /* Pods-unPredictable - macOS.release.xcconfig */,
			);
			name = Pods;
			sourceTree = "<group>";
		};
/* End PBXGroup section */

/* Begin PBXNativeTarget section */
		2F23E1101D6EF21D00119E4F /* unPredictable - iOS */ = {
			isa = PBXNativeTarget;
			buildConfigurationList = 2F23E16D1D6EF21D00119E4F /* Build configuration list for PBXNativeTarget "unPredictable - iOS" */;
			buildPhases = (
				1C55E713B1847A748172EC3F /* [CP] Check Pods Manifest.lock */,
				2F23E10D1D6EF21D00119E4F /* Sources */,
				2F23E10E1D6EF21D00119E4F /* Frameworks */,
				2F23E10F1D6EF21D00119E4F /* Resources */,
				2F23E16C1D6EF21D00119E4F /* Embed Watch Content */,
				711742303B246860266D0B90 /* [CP] Embed Pods Frameworks */,
				2FDFBD251F39917C00E1E6A4 /* ShellScript */,
			);
			buildRules = (
			);
			dependencies = (
			);
			name = "unPredictable - iOS";
			productName = iOS;
			productReference = 2F23E1111D6EF21D00119E4F /* unPredictable.app */;
			productType = "com.apple.product-type.application";
		};
		2F23E1491D6EF21D00119E4F /* unPredictable - macOS */ = {
			isa = PBXNativeTarget;
			buildConfigurationList = 2F23E1731D6EF21D00119E4F /* Build configuration list for PBXNativeTarget "unPredictable - macOS" */;
			buildPhases = (
				AEE1CEE928EA430829843D97 /* [CP] Check Pods Manifest.lock */,
				2F23E1461D6EF21D00119E4F /* Sources */,
				2F23E1471D6EF21D00119E4F /* Frameworks */,
				2F23E1481D6EF21D00119E4F /* Resources */,
			);
			buildRules = (
			);
			dependencies = (
			);
			name = "unPredictable - macOS";
			productName = macOS;
			productReference = 2F23E14A1D6EF21D00119E4F /* unPredictable.app */;
			productType = "com.apple.product-type.application";
		};
		2FD6CDAC1F34702200FD9B96 /* AWatch */ = {
			isa = PBXNativeTarget;
			buildConfigurationList = 2FD6CDD01F34702300FD9B96 /* Build configuration list for PBXNativeTarget "AWatch" */;
			buildPhases = (
				2FD6CDAB1F34702200FD9B96 /* Resources */,
				2FD6CDCF1F34702300FD9B96 /* Embed App Extensions */,
				562FD7249817EA966D07D671 /* Frameworks */,
			);
			buildRules = (
			);
			dependencies = (
				2FD6CDBC1F34702200FD9B96 /* PBXTargetDependency */,
			);
			name = AWatch;
			productName = AWatch;
			productReference = 2FD6CDAD1F34702200FD9B96 /* AWatch.app */;
			productType = "com.apple.product-type.application.watchapp2";
		};
		2FD6CDB81F34702200FD9B96 /* AWatch Extension */ = {
			isa = PBXNativeTarget;
			buildConfigurationList = 2FD6CDCC1F34702300FD9B96 /* Build configuration list for PBXNativeTarget "AWatch Extension" */;
			buildPhases = (
				2FD6CDB51F34702200FD9B96 /* Sources */,
				2FD6CDB61F34702200FD9B96 /* Frameworks */,
				2FD6CDB71F34702200FD9B96 /* Resources */,
			);
			buildRules = (
			);
			dependencies = (
			);
			name = "AWatch Extension";
			productName = "AWatch Extension";
			productReference = 2FD6CDB91F34702200FD9B96 /* AWatch Extension.appex */;
			productType = "com.apple.product-type.watchkit2-extension";
		};
/* End PBXNativeTarget section */

/* Begin PBXProject section */
		2F23E1041D6EF21D00119E4F /* Project object */ = {
			isa = PBXProject;
			attributes = {
				LastSwiftUpdateCheck = 0830;
				LastUpgradeCheck = 0930;
				ORGANIZATIONNAME = MarVin;
				TargetAttributes = {
					2F23E1101D6EF21D00119E4F = {
						CreatedOnToolsVersion = 8.0;
						DevelopmentTeam = 9K9H4YXRT5;
						LastSwiftMigration = 0930;
						ProvisioningStyle = Automatic;
						SystemCapabilities = {
							com.apple.ApplicationGroups.iOS = {
								enabled = 0;
							};
							com.apple.BackgroundModes = {
								enabled = 1;
							};
							com.apple.GameCenter = {
								enabled = 1;
							};
							com.apple.GameCenter.iOS = {
								enabled = 1;
							};
							com.apple.HealthKit = {
								enabled = 0;
							};
							com.apple.InAppPurchase = {
								enabled = 1;
							};
						};
					};
					2F23E1491D6EF21D00119E4F = {
						CreatedOnToolsVersion = 8.0;
						DevelopmentTeam = 9K9H4YXRT5;
						LastSwiftMigration = 0900;
						ProvisioningStyle = Automatic;
						SystemCapabilities = {
							com.apple.GameCenter = {
								enabled = 1;
							};
							com.apple.InAppPurchase = {
								enabled = 1;
							};
							com.apple.Sandbox = {
								enabled = 1;
							};
						};
					};
					2FD6CDAC1F34702200FD9B96 = {
						CreatedOnToolsVersion = 8.3.3;
						DevelopmentTeam = 9K9H4YXRT5;
						ProvisioningStyle = Automatic;
					};
					2FD6CDB81F34702200FD9B96 = {
						CreatedOnToolsVersion = 8.3.3;
						DevelopmentTeam = 9K9H4YXRT5;
						ProvisioningStyle = Automatic;
						SystemCapabilities = {
							com.apple.ApplicationGroups.iOS = {
								enabled = 1;
							};
							com.apple.GameCenter = {
								enabled = 1;
							};
							com.apple.HealthKit.watchos = {
								enabled = 0;
							};
						};
					};
				};
			};
			buildConfigurationList = 2F23E1071D6EF21D00119E4F /* Build configuration list for PBXProject "unPredictable" */;
			compatibilityVersion = "Xcode 3.2";
			developmentRegion = English;
			hasScannedForEncodings = 0;
			knownRegions = (
				en,
				Base,
			);
			mainGroup = 2F23E1031D6EF21D00119E4F;
			productRefGroup = 2F23E1121D6EF21D00119E4F /* Products */;
			projectDirPath = "";
			projectRoot = "";
			targets = (
				2F23E1101D6EF21D00119E4F /* unPredictable - iOS */,
				2F23E1491D6EF21D00119E4F /* unPredictable - macOS */,
				2FD6CDAC1F34702200FD9B96 /* AWatch */,
				2FD6CDB81F34702200FD9B96 /* AWatch Extension */,
			);
		};
/* End PBXProject section */

/* Begin PBXResourcesBuildPhase section */
		2F23E10F1D6EF21D00119E4F /* Resources */ = {
			isa = PBXResourcesBuildPhase;
			buildActionMask = 2147483647;
			files = (
				2F5584FF1F480C42006D229F /* Grand_Tourer_horn.wav in Resources */,
				2F5585031F48105D006D229F /* pcs_beep.wav in Resources */,
				2F861B641F1CB93000162EDA /* crash.caf in Resources */,
				2F23E11A1D6EF21D00119E4F /* Main.storyboard in Resources */,
				2F861B411F1BAB5F00162EDA /* MVAParticle.sks in Resources */,
				2F23E11D1D6EF21D00119E4F /* LaunchScreen.storyboard in Resources */,
				2FDFBD201F39881E00E1E6A4 /* GoogleService-Info.plist in Resources */,
				2FAFA6791F35A48E006645CB /* Futura.ttc in Resources */,
				2F65AA2B1EF3D48600150F32 /* GameScene.sks in Resources */,
				2F861B8C1F1CD22600162EDA /* SUV_steady_low_rpm.wav in Resources */,
				2F861B7D1F1CC79300162EDA /* Grand_Tourer_signal_lights_loop.wav in Resources */,
				2F861B731F1CC50300162EDA /* SUV_ignition_02.wav in Resources */,
				2F861B501F1BAE7C00162EDA /* Assets.xcassets in Resources */,
			);
			runOnlyForDeploymentPostprocessing = 0;
		};
		2F23E1481D6EF21D00119E4F /* Resources */ = {
			isa = PBXResourcesBuildPhase;
			buildActionMask = 2147483647;
			files = (
				2F861B761F1CC50300162EDA /* SUV_ignition_02.wav in Resources */,
				2F861B671F1CB93000162EDA /* crash.caf in Resources */,
				2F23E1521D6EF21D00119E4F /* Main.storyboard in Resources */,
				2F861B801F1CC79300162EDA /* Grand_Tourer_signal_lights_loop.wav in Resources */,
				2F65AA2E1EF3D49000150F32 /* GameScene.sks in Resources */,
				2F861B8F1F1CD22600162EDA /* SUV_steady_low_rpm.wav in Resources */,
				2F5585011F480C42006D229F /* Grand_Tourer_horn.wav in Resources */,
				2FAFA67B1F35A48E006645CB /* Futura.ttc in Resources */,
				2FDFBD221F39881E00E1E6A4 /* GoogleService-Info.plist in Resources */,
				2F5585051F48105D006D229F /* pcs_beep.wav in Resources */,
				2F861B441F1BAB5F00162EDA /* MVAParticle.sks in Resources */,
				2F861B531F1BAE7C00162EDA /* Assets.xcassets in Resources */,
			);
			runOnlyForDeploymentPostprocessing = 0;
		};
		2FD6CDAB1F34702200FD9B96 /* Resources */ = {
			isa = PBXResourcesBuildPhase;
			buildActionMask = 2147483647;
			files = (
				2F1F28A01F49578E00AE7FA0 /* Futura.ttc in Resources */,
				2FDFBD231F39881E00E1E6A4 /* GoogleService-Info.plist in Resources */,
				2F1F28A41F4957D400AE7FA0 /* Assets.xcassets in Resources */,
				2FD6CDB11F34702200FD9B96 /* Interface.storyboard in Resources */,
			);
			runOnlyForDeploymentPostprocessing = 0;
		};
		2FD6CDB71F34702200FD9B96 /* Resources */ = {
			isa = PBXResourcesBuildPhase;
			buildActionMask = 2147483647;
			files = (
				2FAFA6751F34C804006645CB /* GameSceneWatch.sks in Resources */,
				2F1F28921F4954B800AE7FA0 /* Assets.xcassets in Resources */,
				2F1F28A11F49578F00AE7FA0 /* Futura.ttc in Resources */,
				2FDFBD241F39881E00E1E6A4 /* GoogleService-Info.plist in Resources */,
			);
			runOnlyForDeploymentPostprocessing = 0;
		};
/* End PBXResourcesBuildPhase section */

/* Begin PBXShellScriptBuildPhase section */
		1C55E713B1847A748172EC3F /* [CP] Check Pods Manifest.lock */ = {
			isa = PBXShellScriptBuildPhase;
			buildActionMask = 2147483647;
			files = (
			);
			inputPaths = (
				"${PODS_PODFILE_DIR_PATH}/Podfile.lock",
				"${PODS_ROOT}/Manifest.lock",
			);
			name = "[CP] Check Pods Manifest.lock";
			outputPaths = (
				"$(DERIVED_FILE_DIR)/Pods-unPredictable - iOS-checkManifestLockResult.txt",
			);
			runOnlyForDeploymentPostprocessing = 0;
			shellPath = /bin/sh;
			shellScript = "diff \"${PODS_PODFILE_DIR_PATH}/Podfile.lock\" \"${PODS_ROOT}/Manifest.lock\" > /dev/null\nif [ $? != 0 ] ; then\n    # print error to STDERR\n    echo \"error: The sandbox is not in sync with the Podfile.lock. Run 'pod install' or update your CocoaPods installation.\" >&2\n    exit 1\nfi\n# This output is used by Xcode 'outputs' to avoid re-running this script phase.\necho \"SUCCESS\" > \"${SCRIPT_OUTPUT_FILE_0}\"\n";
			showEnvVarsInLog = 0;
		};
		2FDFBD251F39917C00E1E6A4 /* ShellScript */ = {
			isa = PBXShellScriptBuildPhase;
			buildActionMask = 2147483647;
			files = (
			);
			inputPaths = (
			);
			outputPaths = (
			);
			runOnlyForDeploymentPostprocessing = 0;
			shellPath = /bin/sh;
			shellScript = "\"${PODS_ROOT}/Fabric/run\" 661d346440292177133f4f55e1db13108211f63d 8f683a7c6859dc7e6a47c42b94eb01a1401f94947d0948a7b5d79807bac01223";
		};
		711742303B246860266D0B90 /* [CP] Embed Pods Frameworks */ = {
			isa = PBXShellScriptBuildPhase;
			buildActionMask = 2147483647;
			files = (
			);
			inputPaths = (
				"${SRCROOT}/Pods/Target Support Files/Pods-unPredictable - iOS/Pods-unPredictable - iOS-frameworks.sh",
				"${BUILT_PRODUCTS_DIR}/DynamicBlurView/DynamicBlurView.framework",
				"${BUILT_PRODUCTS_DIR}/GoogleToolboxForMac/GoogleToolboxForMac.framework",
				"${BUILT_PRODUCTS_DIR}/PopupDialog/PopupDialog.framework",
				"${BUILT_PRODUCTS_DIR}/nanopb/nanopb.framework",
			);
			name = "[CP] Embed Pods Frameworks";
			outputPaths = (
				"${TARGET_BUILD_DIR}/${FRAMEWORKS_FOLDER_PATH}/DynamicBlurView.framework",
				"${TARGET_BUILD_DIR}/${FRAMEWORKS_FOLDER_PATH}/GoogleToolboxForMac.framework",
				"${TARGET_BUILD_DIR}/${FRAMEWORKS_FOLDER_PATH}/PopupDialog.framework",
				"${TARGET_BUILD_DIR}/${FRAMEWORKS_FOLDER_PATH}/nanopb.framework",
			);
			runOnlyForDeploymentPostprocessing = 0;
			shellPath = /bin/sh;
			shellScript = "\"${SRCROOT}/Pods/Target Support Files/Pods-unPredictable - iOS/Pods-unPredictable - iOS-frameworks.sh\"\n";
			showEnvVarsInLog = 0;
		};
		AEE1CEE928EA430829843D97 /* [CP] Check Pods Manifest.lock */ = {
			isa = PBXShellScriptBuildPhase;
			buildActionMask = 2147483647;
			files = (
			);
			inputPaths = (
				"${PODS_PODFILE_DIR_PATH}/Podfile.lock",
				"${PODS_ROOT}/Manifest.lock",
			);
			name = "[CP] Check Pods Manifest.lock";
			outputPaths = (
				"$(DERIVED_FILE_DIR)/Pods-unPredictable - macOS-checkManifestLockResult.txt",
			);
			runOnlyForDeploymentPostprocessing = 0;
			shellPath = /bin/sh;
			shellScript = "diff \"${PODS_PODFILE_DIR_PATH}/Podfile.lock\" \"${PODS_ROOT}/Manifest.lock\" > /dev/null\nif [ $? != 0 ] ; then\n    # print error to STDERR\n    echo \"error: The sandbox is not in sync with the Podfile.lock. Run 'pod install' or update your CocoaPods installation.\" >&2\n    exit 1\nfi\n# This output is used by Xcode 'outputs' to avoid re-running this script phase.\necho \"SUCCESS\" > \"${SCRIPT_OUTPUT_FILE_0}\"\n";
			showEnvVarsInLog = 0;
		};
/* End PBXShellScriptBuildPhase section */

/* Begin PBXSourcesBuildPhase section */
		2F23E10D1D6EF21D00119E4F /* Sources */ = {
			isa = PBXSourcesBuildPhase;
			buildActionMask = 2147483647;
			files = (
				2F861B691F1CC22B00162EDA /* GameScene_Volume.swift in Sources */,
				2F23E15B1D6EF21D00119E4F /* GameScene.swift in Sources */,
				2F08C0EB20947A23006878D9 /* MVAStopperNode.swift in Sources */,
				2F7119701F28D34900FE58A8 /* MVAGameOverNode.swift in Sources */,
				2FAE02261F054B84004D4EFE /* MVARoadNode.swift in Sources */,
				2F31BA411F49CD1900CF4C13 /* MVAAlert.swift in Sources */,
				2FAE021E1F054B84004D4EFE /* MVALevel.swift in Sources */,
				2F9808E51F46EB5E00412075 /* MVACarBot.swift in Sources */,
				2F71196C1F28809800FE58A8 /* MVAStore.swift in Sources */,
				2FAE02121F054B84004D4EFE /* MVACar.swift in Sources */,
				2F0F88971FE5737D00E187A2 /* ChangeCarViewController.swift in Sources */,
				2FAE022A1F054B84004D4EFE /* MVAUtils.swift in Sources */,
				2F5B1DEF1EFFD863006AEA30 /* GameScene_Gameplay.swift in Sources */,
				2F23E1171D6EF21D00119E4F /* GameViewController.swift in Sources */,
				2F9808DE1F45DE4D00412075 /* GameScene_Touch.swift in Sources */,
				2FAE021A1F054B84004D4EFE /* MVAConstants_Memory.swift in Sources */,
				276694BE1F22048500E70D15 /* MVAGameCenterHelper.swift in Sources */,
				2F9808E91F46EB6A00412075 /* MVACarPlayer.swift in Sources */,
				2FAE02221F054B84004D4EFE /* MVAMarvinAI.swift in Sources */,
				2F9808E01F45DFC200412075 /* MVARemoverNode.swift in Sources */,
				2F861B5A1F1CAD7F00162EDA /* MVASound.swift in Sources */,
				2FAE02161F054B84004D4EFE /* MVASpawnerNode.swift in Sources */,
				2FAE022E1F054B84004D4EFE /* MVAWorldConverter.swift in Sources */,
				2F861B971F1CD6F900162EDA /* GameScene_Start.swift in Sources */,
				2FA27A491FDC05EA00DA5819 /* MVAPopup.swift in Sources */,
				2F3EAE411F3B1DED001A1A6E /* MVAAds.swift in Sources */,
				2F26548D1F41A6FA00A7D2CF /* MVAWaitView.swift in Sources */,
				2F23E1151D6EF21D00119E4F /* AppDelegate.swift in Sources */,
				2F7119661F2873F000FE58A8 /* MVATutorialNode.swift in Sources */,
				2F9E41A41F03B389004FB9F5 /* GameScene_HUD.swift in Sources */,
			);
			runOnlyForDeploymentPostprocessing = 0;
		};
		2F23E1461D6EF21D00119E4F /* Sources */ = {
			isa = PBXSourcesBuildPhase;
			buildActionMask = 2147483647;
			files = (
				2F861B6C1F1CC22B00162EDA /* GameScene_Volume.swift in Sources */,
				2F7119681F2873F000FE58A8 /* MVATutorialNode.swift in Sources */,
				2F71196E1F28809800FE58A8 /* MVAStore.swift in Sources */,
				2F31BA361F49C63400CF4C13 /* MVAWaitView.swift in Sources */,
				2FAE02291F054B84004D4EFE /* MVARoadNode.swift in Sources */,
				2FAE02191F054B84004D4EFE /* MVASpawnerNode.swift in Sources */,
				2F08C0EC20947A23006878D9 /* MVAStopperNode.swift in Sources */,
				2FAE02251F054B84004D4EFE /* MVAMarvinAI.swift in Sources */,
				2F31BA381F49C7C500CF4C13 /* MVAAds.swift in Sources */,
				2F23E15E1D6EF21D00119E4F /* GameScene.swift in Sources */,
				2FFE47961FE6608800DDFA3E /* ChangeCarViewControllerMAC.swift in Sources */,
				2F9808E71F46EB5E00412075 /* MVACarBot.swift in Sources */,
				2FB19E391F17A65800506061 /* GameScene_Keyboard.swift in Sources */,
				2F31BA441F49CEB400CF4C13 /* MVAGameCenterHelper.swift in Sources */,
				2F23E14F1D6EF21D00119E4F /* GameViewControllerMAC.swift in Sources */,
				2F31BA431F49CD1900CF4C13 /* MVAAlert.swift in Sources */,
				2F9808E21F45E00300412075 /* MVARemoverNode.swift in Sources */,
				2FAE022D1F054B84004D4EFE /* MVAUtils.swift in Sources */,
				2F9E41A71F03B389004FB9F5 /* GameScene_HUD.swift in Sources */,
				2FAE02151F054B84004D4EFE /* MVACar.swift in Sources */,
				2FAFA6651F34AACC006645CB /* GameScene_Gameplay.swift in Sources */,
				2F861B5D1F1CAD7F00162EDA /* MVASound.swift in Sources */,
				2FDB9A6C1F8929D7007F8EB2 /* MVAWindow.swift in Sources */,
				2FAE02311F054B84004D4EFE /* MVAWorldConverter.swift in Sources */,
				2FA27A4B1FDC05EA00DA5819 /* MVAPopup.swift in Sources */,
				2F23E14D1D6EF21D00119E4F /* AppDelegate.swift in Sources */,
				2F861B991F1CD6F900162EDA /* GameScene_Start.swift in Sources */,
				2FAE021D1F054B84004D4EFE /* MVAConstants_Memory.swift in Sources */,
				2FAE02211F054B84004D4EFE /* MVALevel.swift in Sources */,
				2F9808EB1F46EB6A00412075 /* MVACarPlayer.swift in Sources */,
				2F7119721F28D34900FE58A8 /* MVAGameOverNode.swift in Sources */,
				2FFE47981FE6949000DDFA3E /* GameViewTouchbar.swift in Sources */,
			);
			runOnlyForDeploymentPostprocessing = 0;
		};
		2FD6CDB51F34702200FD9B96 /* Sources */ = {
			isa = PBXSourcesBuildPhase;
			buildActionMask = 2147483647;
			files = (
				2FD6CDBF1F34702200FD9B96 /* GameController.swift in Sources */,
				2F31BA351F49C13400CF4C13 /* MVAConstants_Memory.swift in Sources */,
				2F08C0ED20947A8C006878D9 /* MVAStopperNode.swift in Sources */,
				2F31BA321F49C0E000CF4C13 /* MVACarBot.swift in Sources */,
				2FD6CDC51F34702300FD9B96 /* ExtensionDelegate.swift in Sources */,
				2F31BA2E1F499E5200CF4C13 /* MVARemoverNode.swift in Sources */,
				2F31BA2F1F499E5E00CF4C13 /* MVAUtils.swift in Sources */,
				2F31BA331F49C0E000CF4C13 /* MVACarPlayer.swift in Sources */,
				2F31BA341F49C12100CF4C13 /* MVARoadNode.swift in Sources */,
				2F1F28A31F4957A800AE7FA0 /* GameSceneWatch.swift in Sources */,
				2F31BA311F49C0E000CF4C13 /* MVACar.swift in Sources */,
				2FAFA6771F35A2AA006645CB /* StartController.swift in Sources */,
			);
			runOnlyForDeploymentPostprocessing = 0;
		};
/* End PBXSourcesBuildPhase section */

/* Begin PBXTargetDependency section */
		2FD6CDBC1F34702200FD9B96 /* PBXTargetDependency */ = {
			isa = PBXTargetDependency;
			target = 2FD6CDB81F34702200FD9B96 /* AWatch Extension */;
			targetProxy = 2FD6CDBB1F34702200FD9B96 /* PBXContainerItemProxy */;
		};
/* End PBXTargetDependency section */

/* Begin PBXVariantGroup section */
		2F23E1181D6EF21D00119E4F /* Main.storyboard */ = {
			isa = PBXVariantGroup;
			children = (
				2F23E1191D6EF21D00119E4F /* Base */,
			);
			name = Main.storyboard;
			sourceTree = "<group>";
		};
		2F23E11B1D6EF21D00119E4F /* LaunchScreen.storyboard */ = {
			isa = PBXVariantGroup;
			children = (
				2F23E11C1D6EF21D00119E4F /* Base */,
			);
			name = LaunchScreen.storyboard;
			sourceTree = "<group>";
		};
		2F23E1501D6EF21D00119E4F /* Main.storyboard */ = {
			isa = PBXVariantGroup;
			children = (
				2F23E1511D6EF21D00119E4F /* Base */,
			);
			name = Main.storyboard;
			sourceTree = "<group>";
		};
		2FD6CDAF1F34702200FD9B96 /* Interface.storyboard */ = {
			isa = PBXVariantGroup;
			children = (
				2FD6CDB01F34702200FD9B96 /* Base */,
			);
			name = Interface.storyboard;
			sourceTree = "<group>";
		};
/* End PBXVariantGroup section */

/* Begin XCBuildConfiguration section */
		2F23E1631D6EF21D00119E4F /* Debug */ = {
			isa = XCBuildConfiguration;
			buildSettings = {
				ALWAYS_SEARCH_USER_PATHS = NO;
				CLANG_ANALYZER_NONNULL = YES;
				CLANG_CXX_LANGUAGE_STANDARD = "gnu++0x";
				CLANG_CXX_LIBRARY = "libc++";
				CLANG_ENABLE_MODULES = YES;
				CLANG_ENABLE_OBJC_ARC = YES;
				CLANG_WARN_BLOCK_CAPTURE_AUTORELEASING = YES;
				CLANG_WARN_BOOL_CONVERSION = YES;
				CLANG_WARN_COMMA = YES;
				CLANG_WARN_CONSTANT_CONVERSION = YES;
				CLANG_WARN_DEPRECATED_OBJC_IMPLEMENTATIONS = YES;
				CLANG_WARN_DIRECT_OBJC_ISA_USAGE = YES_ERROR;
				CLANG_WARN_DOCUMENTATION_COMMENTS = YES;
				CLANG_WARN_EMPTY_BODY = YES;
				CLANG_WARN_ENUM_CONVERSION = YES;
				CLANG_WARN_INFINITE_RECURSION = YES;
				CLANG_WARN_INT_CONVERSION = YES;
				CLANG_WARN_NON_LITERAL_NULL_CONVERSION = YES;
				CLANG_WARN_OBJC_IMPLICIT_RETAIN_SELF = YES;
				CLANG_WARN_OBJC_LITERAL_CONVERSION = YES;
				CLANG_WARN_OBJC_ROOT_CLASS = YES_ERROR;
				CLANG_WARN_RANGE_LOOP_ANALYSIS = YES;
				CLANG_WARN_STRICT_PROTOTYPES = YES;
				CLANG_WARN_SUSPICIOUS_MOVE = YES;
				CLANG_WARN_SUSPICIOUS_MOVES = YES;
				CLANG_WARN_UNREACHABLE_CODE = YES;
				CLANG_WARN__DUPLICATE_METHOD_MATCH = YES;
				COPY_PHASE_STRIP = NO;
				DEBUG_INFORMATION_FORMAT = dwarf;
				ENABLE_STRICT_OBJC_MSGSEND = YES;
				ENABLE_TESTABILITY = YES;
				GCC_C_LANGUAGE_STANDARD = gnu99;
				GCC_DYNAMIC_NO_PIC = NO;
				GCC_NO_COMMON_BLOCKS = YES;
				GCC_OPTIMIZATION_LEVEL = 0;
				GCC_PREPROCESSOR_DEFINITIONS = (
					"DEBUG=1",
					"$(inherited)",
				);
				GCC_WARN_64_TO_32_BIT_CONVERSION = YES;
				GCC_WARN_ABOUT_RETURN_TYPE = YES_ERROR;
				GCC_WARN_UNDECLARED_SELECTOR = YES;
				GCC_WARN_UNINITIALIZED_AUTOS = YES_AGGRESSIVE;
				GCC_WARN_UNUSED_FUNCTION = YES;
				GCC_WARN_UNUSED_VARIABLE = YES;
				MTL_ENABLE_DEBUG_INFO = YES;
				ONLY_ACTIVE_ARCH = YES;
				SWIFT_ACTIVE_COMPILATION_CONDITIONS = DEBUG;
				SWIFT_OPTIMIZATION_LEVEL = "-Onone";
			};
			name = Debug;
		};
		2F23E1641D6EF21D00119E4F /* Release */ = {
			isa = XCBuildConfiguration;
			buildSettings = {
				ALWAYS_SEARCH_USER_PATHS = NO;
				CLANG_ANALYZER_NONNULL = YES;
				CLANG_CXX_LANGUAGE_STANDARD = "gnu++0x";
				CLANG_CXX_LIBRARY = "libc++";
				CLANG_ENABLE_MODULES = YES;
				CLANG_ENABLE_OBJC_ARC = YES;
				CLANG_WARN_BLOCK_CAPTURE_AUTORELEASING = YES;
				CLANG_WARN_BOOL_CONVERSION = YES;
				CLANG_WARN_COMMA = YES;
				CLANG_WARN_CONSTANT_CONVERSION = YES;
				CLANG_WARN_DEPRECATED_OBJC_IMPLEMENTATIONS = YES;
				CLANG_WARN_DIRECT_OBJC_ISA_USAGE = YES_ERROR;
				CLANG_WARN_DOCUMENTATION_COMMENTS = YES;
				CLANG_WARN_EMPTY_BODY = YES;
				CLANG_WARN_ENUM_CONVERSION = YES;
				CLANG_WARN_INFINITE_RECURSION = YES;
				CLANG_WARN_INT_CONVERSION = YES;
				CLANG_WARN_NON_LITERAL_NULL_CONVERSION = YES;
				CLANG_WARN_OBJC_IMPLICIT_RETAIN_SELF = YES;
				CLANG_WARN_OBJC_LITERAL_CONVERSION = YES;
				CLANG_WARN_OBJC_ROOT_CLASS = YES_ERROR;
				CLANG_WARN_RANGE_LOOP_ANALYSIS = YES;
				CLANG_WARN_STRICT_PROTOTYPES = YES;
				CLANG_WARN_SUSPICIOUS_MOVE = YES;
				CLANG_WARN_SUSPICIOUS_MOVES = YES;
				CLANG_WARN_UNREACHABLE_CODE = YES;
				CLANG_WARN__DUPLICATE_METHOD_MATCH = YES;
				COPY_PHASE_STRIP = NO;
				DEBUG_INFORMATION_FORMAT = "dwarf-with-dsym";
				ENABLE_NS_ASSERTIONS = NO;
				ENABLE_STRICT_OBJC_MSGSEND = YES;
				GCC_C_LANGUAGE_STANDARD = gnu99;
				GCC_NO_COMMON_BLOCKS = YES;
				GCC_WARN_64_TO_32_BIT_CONVERSION = YES;
				GCC_WARN_ABOUT_RETURN_TYPE = YES_ERROR;
				GCC_WARN_UNDECLARED_SELECTOR = YES;
				GCC_WARN_UNINITIALIZED_AUTOS = YES_AGGRESSIVE;
				GCC_WARN_UNUSED_FUNCTION = YES;
				GCC_WARN_UNUSED_VARIABLE = YES;
				MTL_ENABLE_DEBUG_INFO = NO;
				SWIFT_OPTIMIZATION_LEVEL = "-Owholemodule";
			};
			name = Release;
		};
		2F23E16E1D6EF21D00119E4F /* Debug */ = {
			isa = XCBuildConfiguration;
			baseConfigurationReference = 75F0516B98A4A9EB8F255028 /* Pods-unPredictable - iOS.debug.xcconfig */;
			buildSettings = {
				ASSETCATALOG_COMPILER_APPICON_NAME = AppIcon;
				CLANG_ENABLE_MODULES = YES;
				"CODE_SIGN_IDENTITY[sdk=iphoneos*]" = "iPhone Developer";
				DEBUG_INFORMATION_FORMAT = "dwarf-with-dsym";
				DEVELOPMENT_TEAM = 9K9H4YXRT5;
				FRAMEWORK_SEARCH_PATHS = (
					"$(inherited)",
					"$(PROJECT_DIR)/Pod",
					"$(PROJECT_DIR)",
				);
				INFOPLIST_FILE = iOS/Info.plist;
				IPHONEOS_DEPLOYMENT_TARGET = 10.0;
				LD_RUNPATH_SEARCH_PATHS = "$(inherited) @executable_path/Frameworks";
				LIBRARY_SEARCH_PATHS = (
					"$(inherited)",
					"$(PROJECT_DIR)",
				);
				PRODUCT_BUNDLE_IDENTIFIER = com.mva.unpredictable;
				PRODUCT_NAME = unPredictable;
				SDKROOT = iphoneos;
				SWIFT_INSTALL_OBJC_HEADER = NO;
				SWIFT_OBJC_BRIDGING_HEADER = "iOS/unPredictable - iOS-Bridging-Header.h";
				SWIFT_OPTIMIZATION_LEVEL = "-Onone";
				SWIFT_SWIFT3_OBJC_INFERENCE = Default;
				SWIFT_VERSION = 4.0;
				TARGETED_DEVICE_FAMILY = "1,2";
			};
			name = Debug;
		};
		2F23E16F1D6EF21D00119E4F /* Release */ = {
			isa = XCBuildConfiguration;
			baseConfigurationReference = 1AA69DA30541300C653A89B9 /* Pods-unPredictable - iOS.release.xcconfig */;
			buildSettings = {
				ASSETCATALOG_COMPILER_APPICON_NAME = AppIcon;
				CLANG_ENABLE_MODULES = YES;
				"CODE_SIGN_IDENTITY[sdk=iphoneos*]" = "iPhone Developer";
				DEVELOPMENT_TEAM = 9K9H4YXRT5;
				FRAMEWORK_SEARCH_PATHS = (
					"$(inherited)",
					"$(PROJECT_DIR)/Pod",
					"$(PROJECT_DIR)",
				);
				INFOPLIST_FILE = iOS/Info.plist;
				IPHONEOS_DEPLOYMENT_TARGET = 10.0;
				LD_RUNPATH_SEARCH_PATHS = "$(inherited) @executable_path/Frameworks";
				LIBRARY_SEARCH_PATHS = (
					"$(inherited)",
					"$(PROJECT_DIR)",
				);
				PRODUCT_BUNDLE_IDENTIFIER = com.mva.unpredictable;
				PRODUCT_NAME = unPredictable;
				SDKROOT = iphoneos;
				SWIFT_INSTALL_OBJC_HEADER = NO;
				SWIFT_OBJC_BRIDGING_HEADER = "iOS/unPredictable - iOS-Bridging-Header.h";
				SWIFT_SWIFT3_OBJC_INFERENCE = Default;
				SWIFT_VERSION = 4.0;
				TARGETED_DEVICE_FAMILY = "1,2";
				VALIDATE_PRODUCT = YES;
			};
			name = Release;
		};
		2F23E1741D6EF21D00119E4F /* Debug */ = {
			isa = XCBuildConfiguration;
			baseConfigurationReference = CC34D7C25A2D0741A49C014A /* Pods-unPredictable - macOS.debug.xcconfig */;
			buildSettings = {
				ASSETCATALOG_COMPILER_APPICON_NAME = AppIcon;
				CODE_SIGN_ENTITLEMENTS = unPredictable.entitlements;
				CODE_SIGN_IDENTITY = "Mac Developer";
				COMBINE_HIDPI_IMAGES = YES;
				DEVELOPMENT_TEAM = "";
				FRAMEWORK_SEARCH_PATHS = (
					"$(inherited)",
					"$(PROJECT_DIR)/Pod",
					"$(PROJECT_DIR)",
				);
				INFOPLIST_FILE = macOS/Info.plist;
				LD_RUNPATH_SEARCH_PATHS = "$(inherited) @executable_path/../Frameworks";
				MACOSX_DEPLOYMENT_TARGET = 10.11;
				PRODUCT_BUNDLE_IDENTIFIER = com.mva.unpredictableMac;
				PRODUCT_NAME = unPredictable;
				PROVISIONING_PROFILE_SPECIFIER = "";
				SDKROOT = macosx;
				SWIFT_SWIFT3_OBJC_INFERENCE = Default;
				SWIFT_VERSION = 4.0;
			};
			name = Debug;
		};
		2F23E1751D6EF21D00119E4F /* Release */ = {
			isa = XCBuildConfiguration;
			baseConfigurationReference = 44169A500DA5A8F4747F34C9 /* Pods-unPredictable - macOS.release.xcconfig */;
			buildSettings = {
				ASSETCATALOG_COMPILER_APPICON_NAME = AppIcon;
				CODE_SIGN_ENTITLEMENTS = unPredictable.entitlements;
				CODE_SIGN_IDENTITY = "Mac Developer";
				COMBINE_HIDPI_IMAGES = YES;
				DEVELOPMENT_TEAM = "";
				FRAMEWORK_SEARCH_PATHS = (
					"$(inherited)",
					"$(PROJECT_DIR)/Pod",
					"$(PROJECT_DIR)",
				);
				INFOPLIST_FILE = macOS/Info.plist;
				LD_RUNPATH_SEARCH_PATHS = "$(inherited) @executable_path/../Frameworks";
				MACOSX_DEPLOYMENT_TARGET = 10.11;
				PRODUCT_BUNDLE_IDENTIFIER = com.mva.unpredictableMac;
				PRODUCT_NAME = unPredictable;
				PROVISIONING_PROFILE_SPECIFIER = "";
				SDKROOT = macosx;
				SWIFT_SWIFT3_OBJC_INFERENCE = Default;
				SWIFT_VERSION = 4.0;
			};
			name = Release;
		};
		2FD6CDCD1F34702300FD9B96 /* Debug */ = {
			isa = XCBuildConfiguration;
			buildSettings = {
				ASSETCATALOG_COMPILER_COMPLICATION_NAME = Complication;
				CLANG_ANALYZER_NUMBER_OBJECT_CONVERSION = YES_AGGRESSIVE;
				CODE_SIGN_ENTITLEMENTS = "AWatch Extension/AWatch Extension.entitlements";
				DEVELOPMENT_TEAM = 9K9H4YXRT5;
				INFOPLIST_FILE = "AWatch Extension/Info.plist";
				LD_RUNPATH_SEARCH_PATHS = "$(inherited) @executable_path/Frameworks @executable_path/../../Frameworks";
				PRODUCT_BUNDLE_IDENTIFIER = com.mva.unpredictable.watchkitapp.watchkitextension;
				PRODUCT_NAME = "${TARGET_NAME}";
				SDKROOT = watchos;
				SKIP_INSTALL = YES;
				SWIFT_VERSION = 3.0;
				TARGETED_DEVICE_FAMILY = 4;
				WATCHOS_DEPLOYMENT_TARGET = 3.2;
			};
			name = Debug;
		};
		2FD6CDCE1F34702300FD9B96 /* Release */ = {
			isa = XCBuildConfiguration;
			buildSettings = {
				ASSETCATALOG_COMPILER_COMPLICATION_NAME = Complication;
				CLANG_ANALYZER_NUMBER_OBJECT_CONVERSION = YES_AGGRESSIVE;
				CODE_SIGN_ENTITLEMENTS = "AWatch Extension/AWatch Extension.entitlements";
				DEVELOPMENT_TEAM = 9K9H4YXRT5;
				INFOPLIST_FILE = "AWatch Extension/Info.plist";
				LD_RUNPATH_SEARCH_PATHS = "$(inherited) @executable_path/Frameworks @executable_path/../../Frameworks";
				PRODUCT_BUNDLE_IDENTIFIER = com.mva.unpredictable.watchkitapp.watchkitextension;
				PRODUCT_NAME = "${TARGET_NAME}";
				SDKROOT = watchos;
				SKIP_INSTALL = YES;
				SWIFT_VERSION = 3.0;
				TARGETED_DEVICE_FAMILY = 4;
				VALIDATE_PRODUCT = YES;
				WATCHOS_DEPLOYMENT_TARGET = 3.2;
			};
			name = Release;
		};
		2FD6CDD11F34702300FD9B96 /* Debug */ = {
			isa = XCBuildConfiguration;
			buildSettings = {
				ALWAYS_EMBED_SWIFT_STANDARD_LIBRARIES = YES;
				ASSETCATALOG_COMPILER_APPICON_NAME = AppIcon;
				CLANG_ANALYZER_NUMBER_OBJECT_CONVERSION = YES_AGGRESSIVE;
				DEVELOPMENT_TEAM = 9K9H4YXRT5;
				IBSC_MODULE = AWatch_Extension;
				INFOPLIST_FILE = AWatch/Info.plist;
				PRODUCT_BUNDLE_IDENTIFIER = com.mva.unpredictable.watchkitapp;
				PRODUCT_NAME = "$(TARGET_NAME)";
				SDKROOT = watchos;
				SKIP_INSTALL = YES;
				SWIFT_VERSION = 3.0;
				TARGETED_DEVICE_FAMILY = 4;
				WATCHOS_DEPLOYMENT_TARGET = 3.2;
			};
			name = Debug;
		};
		2FD6CDD21F34702300FD9B96 /* Release */ = {
			isa = XCBuildConfiguration;
			buildSettings = {
				ALWAYS_EMBED_SWIFT_STANDARD_LIBRARIES = YES;
				ASSETCATALOG_COMPILER_APPICON_NAME = AppIcon;
				CLANG_ANALYZER_NUMBER_OBJECT_CONVERSION = YES_AGGRESSIVE;
				DEVELOPMENT_TEAM = 9K9H4YXRT5;
				IBSC_MODULE = AWatch_Extension;
				INFOPLIST_FILE = AWatch/Info.plist;
				PRODUCT_BUNDLE_IDENTIFIER = com.mva.unpredictable.watchkitapp;
				PRODUCT_NAME = "$(TARGET_NAME)";
				SDKROOT = watchos;
				SKIP_INSTALL = YES;
				SWIFT_VERSION = 3.0;
				TARGETED_DEVICE_FAMILY = 4;
				VALIDATE_PRODUCT = YES;
				WATCHOS_DEPLOYMENT_TARGET = 3.2;
			};
			name = Release;
		};
/* End XCBuildConfiguration section */

/* Begin XCConfigurationList section */
		2F23E1071D6EF21D00119E4F /* Build configuration list for PBXProject "unPredictable" */ = {
			isa = XCConfigurationList;
			buildConfigurations = (
				2F23E1631D6EF21D00119E4F /* Debug */,
				2F23E1641D6EF21D00119E4F /* Release */,
			);
			defaultConfigurationIsVisible = 0;
			defaultConfigurationName = Release;
		};
		2F23E16D1D6EF21D00119E4F /* Build configuration list for PBXNativeTarget "unPredictable - iOS" */ = {
			isa = XCConfigurationList;
			buildConfigurations = (
				2F23E16E1D6EF21D00119E4F /* Debug */,
				2F23E16F1D6EF21D00119E4F /* Release */,
			);
			defaultConfigurationIsVisible = 0;
			defaultConfigurationName = Release;
		};
		2F23E1731D6EF21D00119E4F /* Build configuration list for PBXNativeTarget "unPredictable - macOS" */ = {
			isa = XCConfigurationList;
			buildConfigurations = (
				2F23E1741D6EF21D00119E4F /* Debug */,
				2F23E1751D6EF21D00119E4F /* Release */,
			);
			defaultConfigurationIsVisible = 0;
			defaultConfigurationName = Release;
		};
		2FD6CDCC1F34702300FD9B96 /* Build configuration list for PBXNativeTarget "AWatch Extension" */ = {
			isa = XCConfigurationList;
			buildConfigurations = (
				2FD6CDCD1F34702300FD9B96 /* Debug */,
				2FD6CDCE1F34702300FD9B96 /* Release */,
			);
			defaultConfigurationIsVisible = 0;
			defaultConfigurationName = Release;
		};
		2FD6CDD01F34702300FD9B96 /* Build configuration list for PBXNativeTarget "AWatch" */ = {
			isa = XCConfigurationList;
			buildConfigurations = (
				2FD6CDD11F34702300FD9B96 /* Debug */,
				2FD6CDD21F34702300FD9B96 /* Release */,
			);
			defaultConfigurationIsVisible = 0;
			defaultConfigurationName = Release;
		};
/* End XCConfigurationList section */
	};
	rootObject = 2F23E1041D6EF21D00119E4F /* Project object */;
}
